
Microsoft Visual Studio Solution File, Format Version 12.00
# Visual Studio 15
VisualStudioVersion = 15.0.26124.0
MinimumVisualStudioVersion = 15.0.26124.0
Project("{9A19103F-16F7-4668-BE54-9A1E7A4F7556}") = "R5T.Derby.Construction", "R5T.Derby.Construction\R5T.Derby.Construction.csproj", "{85DAC790-B902-4825-BA40-7A770F6A85BE}"
EndProject
Project("{9A19103F-16F7-4668-BE54-9A1E7A4F7556}") = "R5T.Derby", "R5T.Derby\R5T.Derby.csproj", "{79F60456-1298-4FB0-B9AB-5FFD11D30878}"
EndProject
Project("{9A19103F-16F7-4668-BE54-9A1E7A4F7556}") = "R5T.Derby.Testing", "R5T.Derby.Testing\R5T.Derby.Testing.csproj", "{1A1AE417-7ABD-4369-BA3A-EE59B3550E98}"
EndProject
Project("{2150E333-8FDC-42A3-9474-1A3956D46DE8}") = "_Dependencies", "_Dependencies", "{E105BB56-BDA4-41B3-94F9-7C6C86760B23}"
EndProject
Project("{9A19103F-16F7-4668-BE54-9A1E7A4F7556}") = "R5T.Richmond", "..\..\R5T.Richmond\source\R5T.Richmond\R5T.Richmond.csproj", "{7BE2C591-9C43-40CF-ACE2-5AE1C48DC46C}"
EndProject
Project("{9A19103F-16F7-4668-BE54-9A1E7A4F7556}") = "R5T.Chamavia", "..\..\R5T.Chamavia\source\R5T.Chamavia\R5T.Chamavia.csproj", "{C9521F02-D265-4CAB-BC06-6C6E7E50D88F}"
EndProject
Project("{9A19103F-16F7-4668-BE54-9A1E7A4F7556}") = "R5T.Dacia", "..\..\R5T.Dacia\source\R5T.Dacia\R5T.Dacia.csproj", "{CCEEE0BE-9747-4C58-AA73-98C072617815}"
EndProject
Project("{9A19103F-16F7-4668-BE54-9A1E7A4F7556}") = "R5T.Langobard", "..\..\R5T.Langobard\source\R5T.Langobard\R5T.Langobard.csproj", "{8047B374-F157-4306-A16A-8A953D5A510B}"
EndProject
Project("{9A19103F-16F7-4668-BE54-9A1E7A4F7556}") = "R5T.Sardinia", "..\..\R5T.Sardinia\source\R5T.Sardinia\R5T.Sardinia.csproj", "{3032ECCC-0E60-44E4-8E32-F86302C9D09A}"
EndProject
Project("{9A19103F-16F7-4668-BE54-9A1E7A4F7556}") = "R5T.Lombardy.Base", "..\..\R5T.Lombardy.Base\source\R5T.Lombardy.Base\R5T.Lombardy.Base.csproj", "{9EF7E567-2FDC-4C85-8546-3FDA5DB1FBBD}"
EndProject
Project("{9A19103F-16F7-4668-BE54-9A1E7A4F7556}") = "R5T.Macommania.Base", "..\..\R5T.Macommania.Base\source\R5T.Macommania.Base\R5T.Macommania.Base.csproj", "{1C8EB698-B03D-476D-A9C0-CCBFDC3C1978}"
EndProject
Project("{9A19103F-16F7-4668-BE54-9A1E7A4F7556}") = "R5T.Shrewsbury", "..\..\R5T.Shrewsbury\source\R5T.Shrewsbury\R5T.Shrewsbury.csproj", "{660EF622-4ED4-4FF5-86FE-D03757FA75E9}"
EndProject
Project("{9A19103F-16F7-4668-BE54-9A1E7A4F7556}") = "R5T.Cherusci", "..\..\R5T.Cherusci\source\R5T.Cherusci\R5T.Cherusci.csproj", "{057FA8B8-EA69-4C70-8F17-41D1673E54A9}"
EndProject
Project("{9A19103F-16F7-4668-BE54-9A1E7A4F7556}") = "R5T.Ives.Configuration", "..\..\R5T.Ives.Configuration\source\R5T.Ives.Configuration\R5T.Ives.Configuration.csproj", "{B5E18C27-4CAD-4CA8-92E2-01DEE0EB45A7}"
EndProject
Project("{9A19103F-16F7-4668-BE54-9A1E7A4F7556}") = "R5T.Ives.Base", "..\..\R5T.Ives.Base\source\R5T.Ives.Base\R5T.Ives.Base.csproj", "{0D6F47D7-FB10-4B43-9294-DE707CA63810}"
EndProject
Project("{9A19103F-16F7-4668-BE54-9A1E7A4F7556}") = "R5T.Shrewsbury.Default", "..\..\R5T.Shrewsbury.Default\source\R5T.Shrewsbury.Default\R5T.Shrewsbury.Default.csproj", "{8341DEAC-DEB6-4038-8DFB-43B882F96BCF}"
EndProject
Project("{9A19103F-16F7-4668-BE54-9A1E7A4F7556}") = "R5T.Shrewsbury.Base", "..\..\R5T.Shrewsbury.Base\source\R5T.Shrewsbury.Base\R5T.Shrewsbury.Base.csproj", "{2F6F4687-BABF-4B22-B04A-403780A6CCD5}"
EndProject
Project("{9A19103F-16F7-4668-BE54-9A1E7A4F7556}") = "R5T.Scotia", "..\..\R5T.Scotia\source\R5T.Scotia\R5T.Scotia.csproj", "{F86D2982-6987-41D6-840C-8BDA3F2A98DE}"
EndProject
Project("{9A19103F-16F7-4668-BE54-9A1E7A4F7556}") = "R5T.Alamania.Bulgaria", "..\..\R5T.Alamania.Bulgaria\source\R5T.Alamania.Bulgaria\R5T.Alamania.Bulgaria.csproj", "{E5DAFC41-F69A-462D-9187-518A91CF779C}"
EndProject
Project("{9A19103F-16F7-4668-BE54-9A1E7A4F7556}") = "R5T.Alamania.Base", "..\..\R5T.Alamania.Base\source\R5T.Alamania.Base\R5T.Alamania.Base.csproj", "{A145E646-7B47-4323-B229-C2F0C9BCB012}"
EndProject
Project("{9A19103F-16F7-4668-BE54-9A1E7A4F7556}") = "R5T.Bulgaria.Base", "..\..\R5T.Bulgaria.Base\source\R5T.Bulgaria.Base\R5T.Bulgaria.Base.csproj", "{E3987EA3-A86A-4961-A921-D59D9F8842D8}"
EndProject
Project("{9A19103F-16F7-4668-BE54-9A1E7A4F7556}") = "R5T.Costobocia.Base", "..\..\R5T.Costobocia.Base\source\R5T.Costobocia.Base\R5T.Costobocia.Base.csproj", "{9C26937A-8561-4C46-9C50-F23F1C5E9D14}"
EndProject
Project("{9A19103F-16F7-4668-BE54-9A1E7A4F7556}") = "R5T.Ostrogothia", "..\..\R5T.Ostrogothia\source\R5T.Ostrogothia\R5T.Ostrogothia.csproj", "{01C4715B-8782-4D6D-9C8F-7F14251226CC}"
EndProject
Project("{9A19103F-16F7-4668-BE54-9A1E7A4F7556}") = "R5T.Bulgaria.Default.Local", "..\..\R5T.Bulgaria.Default.Local\source\R5T.Bulgaria.Default.Local\R5T.Bulgaria.Default.Local.csproj", "{823BE541-78E9-42EF-8F31-AC101529280D}"
EndProject
Project("{9A19103F-16F7-4668-BE54-9A1E7A4F7556}") = "R5T.Visigothia.Base", "..\..\R5T.Visigothia.Base\source\R5T.Visigothia.Base\R5T.Visigothia.Base.csproj", "{8EE25697-D2DB-4A0B-8F49-7DC34445F12A}"
EndProject
Project("{9A19103F-16F7-4668-BE54-9A1E7A4F7556}") = "R5T.Costobocia.Default", "..\..\R5T.Costobocia.Default\source\R5T.Costobocia.Default\R5T.Costobocia.Default.csproj", "{8D7A81AD-126E-46A9-B353-F14C0B6E91D8}"
EndProject
Project("{9A19103F-16F7-4668-BE54-9A1E7A4F7556}") = "R5T.Lombardy", "..\..\R5T.Lombardy\source\R5T.Lombardy\R5T.Lombardy.csproj", "{A093E0C5-5806-45BD-9994-11B97F6D3F21}"
EndProject
Project("{9A19103F-16F7-4668-BE54-9A1E7A4F7556}") = "R5T.Magyar", "..\..\R5T.Magyar\source\R5T.Magyar\R5T.Magyar.csproj", "{C60E1165-DBA7-4D1D-87A4-639C441162D2}"
EndProject
Project("{9A19103F-16F7-4668-BE54-9A1E7A4F7556}") = "R5T.Rugia", "..\..\R5T.Rugia\source\R5T.Rugia\R5T.Rugia.csproj", "{58E035A7-5C3A-4400-AFCD-68F0C292E5E9}"
EndProject
Project("{9A19103F-16F7-4668-BE54-9A1E7A4F7556}") = "R5T.Rugia.Base", "..\..\R5T.Rugia.Base\source\R5T.Rugia.Base\R5T.Rugia.Base.csproj", "{93C88E45-CA82-4279-9851-3B9461D738E8}"
EndProject
Project("{9A19103F-16F7-4668-BE54-9A1E7A4F7556}") = "R5T.Suebia.Alamania", "..\..\R5T.Suebia.Alamania\source\R5T.Suebia.Alamania\R5T.Suebia.Alamania.csproj", "{B779140D-06A4-4004-BA5E-594350D5CED0}"
EndProject
Project("{9A19103F-16F7-4668-BE54-9A1E7A4F7556}") = "R5T.Suebia.Base", "..\..\R5T.Suebia.Base\source\R5T.Suebia.Base\R5T.Suebia.Base.csproj", "{3DB9CF95-0838-4B21-A42F-8DDB6C109DC4}"
EndProject
Project("{9A19103F-16F7-4668-BE54-9A1E7A4F7556}") = "R5T.Visigothia.Default.Local", "..\..\R5T.Visigothia.Default.Local\source\R5T.Visigothia.Default.Local\R5T.Visigothia.Default.Local.csproj", "{5EFABDE6-72F8-41A9-9969-1610F6B285D3}"
EndProject
Project("{9A19103F-16F7-4668-BE54-9A1E7A4F7556}") = "R5T.Leeds", "..\..\R5T.Leeds\source\R5T.Leeds\R5T.Leeds.csproj", "{F28E4E43-AA6A-4C07-8F1A-E9B3DC01D410}"
EndProject
Project("{9A19103F-16F7-4668-BE54-9A1E7A4F7556}") = "R5T.Hastings.Default", "..\..\R5T.Hastings.Default\source\R5T.Hastings.Default\R5T.Hastings.Default.csproj", "{DE69BD33-B267-446B-8B72-45B6C0C8E8B1}"
EndProject
Project("{9A19103F-16F7-4668-BE54-9A1E7A4F7556}") = "R5T.Brighton", "..\..\R5T.Brighton\source\R5T.Brighton\R5T.Brighton.csproj", "{16C1EE00-7498-4D16-BB3A-45468F4054C1}"
EndProject
Project("{9A19103F-16F7-4668-BE54-9A1E7A4F7556}") = "R5T.Delos", "..\..\R5T.Delos\source\R5T.Delos\R5T.Delos.csproj", "{A0E114D8-2135-46E9-90CE-6E609558A382}"
EndProject
Project("{9A19103F-16F7-4668-BE54-9A1E7A4F7556}") = "R5T.Stagira", "..\..\R5T.Stagira\source\R5T.Stagira\R5T.Stagira.csproj", "{148E8949-D6D3-4C1A-A2F8-B8A798AB3EDB}"
EndProject
Project("{9A19103F-16F7-4668-BE54-9A1E7A4F7556}") = "R5T.Hastings.Base", "..\..\R5T.Hastings.Base\source\R5T.Hastings.Base\R5T.Hastings.Base.csproj", "{390BB762-9190-434E-B39C-4BCB5631E722}"
EndProject
Project("{9A19103F-16F7-4668-BE54-9A1E7A4F7556}") = "R5T.Macommania.Default", "..\..\R5T.Macommania.Default\source\R5T.Macommania.Default\R5T.Macommania.Default.csproj", "{8389B279-4B07-4426-B345-7D3BC3D46745}"
EndProject
Project("{9A19103F-16F7-4668-BE54-9A1E7A4F7556}") = "R5T.Suebia.Default", "..\..\R5T.Suebia.Default\source\R5T.Suebia.Default\R5T.Suebia.Default.csproj", "{3FFEA607-C22A-4642-B471-536A62EE384C}"
EndProject
Project("{9A19103F-16F7-4668-BE54-9A1E7A4F7556}") = "R5T.Suebia.Hastings", "..\..\R5T.Suebia.Hastings\source\R5T.Suebia.Hastings\R5T.Suebia.Hastings.csproj", "{56B89AC9-8548-46CD-9E71-3C0BC34F01A5}"
EndProject
Project("{9A19103F-16F7-4668-BE54-9A1E7A4F7556}") = "R5T.Shrewsbury.Extensions", "..\..\R5T.Shrewsbury.Extensions\source\R5T.Shrewsbury.Extensions\R5T.Shrewsbury.Extensions.csproj", "{136BFF58-741B-4F37-9866-EC6C35A5A178}"
EndProject
Project("{9A19103F-16F7-4668-BE54-9A1E7A4F7556}") = "R5T.Dacia.Extensions", "..\..\R5T.Dacia.Extensions\source\R5T.Dacia.Extensions\R5T.Dacia.Extensions.csproj", "{F21A3188-8E27-461B-8AC0-F3E05A93000C}"
EndProject
Project("{9A19103F-16F7-4668-BE54-9A1E7A4F7556}") = "R5T.Exeter", "..\..\R5T.Exeter\source\R5T.Exeter\R5T.Exeter.csproj", "{A3D59149-1DB8-4524-A03F-B4EE4D46D4DC}"
EndProject
Project("{9A19103F-16F7-4668-BE54-9A1E7A4F7556}") = "R5T.Chamavia.Extensions", "..\..\R5T.Chamavia.Extensions\source\R5T.Chamavia.Extensions\R5T.Chamavia.Extensions.csproj", "{5D6F7604-2E1C-4C82-8F60-2E27734A5A32}"
EndProject
Project("{9A19103F-16F7-4668-BE54-9A1E7A4F7556}") = "R5T.Langobard.Extensions", "..\..\R5T.Langobard.Extensions\source\R5T.Langobard.Extensions\R5T.Langobard.Extensions.csproj", "{6E0866D2-B038-4AA3-9B94-04A31DFDB599}"
EndProject
Project("{9A19103F-16F7-4668-BE54-9A1E7A4F7556}") = "R5T.Langobard.Console", "..\..\R5T.Langobard\source\R5T.Langobard.Console\R5T.Langobard.Console.csproj", "{C869AD54-69E1-430A-9715-B45FA6B28E0B}"
EndProject
Project("{9A19103F-16F7-4668-BE54-9A1E7A4F7556}") = "R5T.Opatia", "..\..\R5T.Opatia\source\R5T.Opatia\R5T.Opatia.csproj", "{1E6E15EA-B45F-455E-91EC-8C5A0317ADB1}"
EndProject
Project("{9A19103F-16F7-4668-BE54-9A1E7A4F7556}") = "R5T.Lombardy.Standard", "..\..\R5T.Lombardy.Standard\source\R5T.Lombardy.Standard\R5T.Lombardy.Standard.csproj", "{6A89EF07-1F04-429E-90AA-2C73A8A53C93}"
EndProject
Project("{9A19103F-16F7-4668-BE54-9A1E7A4F7556}") = "R5T.Ostrogothia.Abstractions", "..\..\R5T.Ostrogothia\source\R5T.Ostrogothia.Abstractions\R5T.Ostrogothia.Abstractions.csproj", "{4B349D91-F118-4981-9D00-F90DF30BB8F1}"
EndProject
Project("{9A19103F-16F7-4668-BE54-9A1E7A4F7556}") = "R5T.Ostrogothia.Rivet.Types", "..\..\R5T.Ostrogothia.Rivet.Private\source\R5T.Ostrogothia.Rivet.Types\R5T.Ostrogothia.Rivet.Types.csproj", "{59872175-2DBD-49E2-B296-0B7EEB61FBA4}"
EndProject
Project("{9A19103F-16F7-4668-BE54-9A1E7A4F7556}") = "R5T.Ostrogothia.Types", "..\..\R5T.Ostrogothia\source\R5T.Ostrogothia.Types\R5T.Ostrogothia.Types.csproj", "{73E018A7-AF95-42C5-98EB-D4574DD769C2}"
EndProject
Project("{9A19103F-16F7-4668-BE54-9A1E7A4F7556}") = "R5T.Quadia", "..\..\R5T.Quadia\source\R5T.Quadia\R5T.Quadia.csproj", "{22ED2B62-52B1-499D-B535-942C47339A93}"
EndProject
Project("{9A19103F-16F7-4668-BE54-9A1E7A4F7556}") = "R5T.Richmond.Abstractions", "..\..\R5T.Richmond.Abstractions\source\R5T.Richmond.Abstractions\R5T.Richmond.Abstractions.csproj", "{0D3CE572-BEBF-4058-9B81-FA8ACD1734DF}"
EndProject
Project("{9A19103F-16F7-4668-BE54-9A1E7A4F7556}") = "R5T.Richmond.Types", "..\..\R5T.Richmond.Types\source\R5T.Richmond.Types\R5T.Richmond.Types.csproj", "{12E6EF93-2A70-4475-B79F-203E06377E3A}"
EndProject
Project("{9A19103F-16F7-4668-BE54-9A1E7A4F7556}") = "R5T.Tromso.ServiceProvider", "..\..\R5T.Tromso.ServiceProvider\source\R5T.Tromso.ServiceProvider\R5T.Tromso.ServiceProvider.csproj", "{F9A9523C-C502-4692-94A1-35934F5FCF03}"
EndProject
Project("{9A19103F-16F7-4668-BE54-9A1E7A4F7556}") = "R5T.Tromso.Types", "..\..\R5T.Tromso.Types\source\R5T.Tromso.Types\R5T.Tromso.Types.csproj", "{073411A3-E575-4B08-9CC5-533558222FCC}"
EndProject
Project("{9A19103F-16F7-4668-BE54-9A1E7A4F7556}") = "R5T.Tromso.Abstractions", "..\..\R5T.Tromso.Abstractions\source\R5T.Tromso.Abstractions\R5T.Tromso.Abstractions.csproj", "{272096CC-F79A-4755-BF0B-3B6A92389C24}"
EndProject
Project("{9A19103F-16F7-4668-BE54-9A1E7A4F7556}") = "R5T.Tromso.Startup", "..\..\R5T.Tromso.Startup\source\R5T.Tromso.Startup\R5T.Tromso.Startup.csproj", "{28DD0645-33BC-40C1-B947-ED8838FAB295}"
EndProject
Global
	GlobalSection(SolutionConfigurationPlatforms) = preSolution
		Debug|Any CPU = Debug|Any CPU
		Debug|x64 = Debug|x64
		Debug|x86 = Debug|x86
		Release|Any CPU = Release|Any CPU
		Release|x64 = Release|x64
		Release|x86 = Release|x86
	EndGlobalSection
	GlobalSection(ProjectConfigurationPlatforms) = postSolution
		{85DAC790-B902-4825-BA40-7A770F6A85BE}.Debug|Any CPU.ActiveCfg = Debug|Any CPU
		{85DAC790-B902-4825-BA40-7A770F6A85BE}.Debug|Any CPU.Build.0 = Debug|Any CPU
		{85DAC790-B902-4825-BA40-7A770F6A85BE}.Debug|x64.ActiveCfg = Debug|Any CPU
		{85DAC790-B902-4825-BA40-7A770F6A85BE}.Debug|x64.Build.0 = Debug|Any CPU
		{85DAC790-B902-4825-BA40-7A770F6A85BE}.Debug|x86.ActiveCfg = Debug|Any CPU
		{85DAC790-B902-4825-BA40-7A770F6A85BE}.Debug|x86.Build.0 = Debug|Any CPU
		{85DAC790-B902-4825-BA40-7A770F6A85BE}.Release|Any CPU.ActiveCfg = Release|Any CPU
		{85DAC790-B902-4825-BA40-7A770F6A85BE}.Release|Any CPU.Build.0 = Release|Any CPU
		{85DAC790-B902-4825-BA40-7A770F6A85BE}.Release|x64.ActiveCfg = Release|Any CPU
		{85DAC790-B902-4825-BA40-7A770F6A85BE}.Release|x64.Build.0 = Release|Any CPU
		{85DAC790-B902-4825-BA40-7A770F6A85BE}.Release|x86.ActiveCfg = Release|Any CPU
		{85DAC790-B902-4825-BA40-7A770F6A85BE}.Release|x86.Build.0 = Release|Any CPU
		{79F60456-1298-4FB0-B9AB-5FFD11D30878}.Debug|Any CPU.ActiveCfg = Debug|Any CPU
		{79F60456-1298-4FB0-B9AB-5FFD11D30878}.Debug|Any CPU.Build.0 = Debug|Any CPU
		{79F60456-1298-4FB0-B9AB-5FFD11D30878}.Debug|x64.ActiveCfg = Debug|Any CPU
		{79F60456-1298-4FB0-B9AB-5FFD11D30878}.Debug|x64.Build.0 = Debug|Any CPU
		{79F60456-1298-4FB0-B9AB-5FFD11D30878}.Debug|x86.ActiveCfg = Debug|Any CPU
		{79F60456-1298-4FB0-B9AB-5FFD11D30878}.Debug|x86.Build.0 = Debug|Any CPU
		{79F60456-1298-4FB0-B9AB-5FFD11D30878}.Release|Any CPU.ActiveCfg = Release|Any CPU
		{79F60456-1298-4FB0-B9AB-5FFD11D30878}.Release|Any CPU.Build.0 = Release|Any CPU
		{79F60456-1298-4FB0-B9AB-5FFD11D30878}.Release|x64.ActiveCfg = Release|Any CPU
		{79F60456-1298-4FB0-B9AB-5FFD11D30878}.Release|x64.Build.0 = Release|Any CPU
		{79F60456-1298-4FB0-B9AB-5FFD11D30878}.Release|x86.ActiveCfg = Release|Any CPU
		{79F60456-1298-4FB0-B9AB-5FFD11D30878}.Release|x86.Build.0 = Release|Any CPU
		{1A1AE417-7ABD-4369-BA3A-EE59B3550E98}.Debug|Any CPU.ActiveCfg = Debug|Any CPU
		{1A1AE417-7ABD-4369-BA3A-EE59B3550E98}.Debug|Any CPU.Build.0 = Debug|Any CPU
		{1A1AE417-7ABD-4369-BA3A-EE59B3550E98}.Debug|x64.ActiveCfg = Debug|Any CPU
		{1A1AE417-7ABD-4369-BA3A-EE59B3550E98}.Debug|x64.Build.0 = Debug|Any CPU
		{1A1AE417-7ABD-4369-BA3A-EE59B3550E98}.Debug|x86.ActiveCfg = Debug|Any CPU
		{1A1AE417-7ABD-4369-BA3A-EE59B3550E98}.Debug|x86.Build.0 = Debug|Any CPU
		{1A1AE417-7ABD-4369-BA3A-EE59B3550E98}.Release|Any CPU.ActiveCfg = Release|Any CPU
		{1A1AE417-7ABD-4369-BA3A-EE59B3550E98}.Release|Any CPU.Build.0 = Release|Any CPU
		{1A1AE417-7ABD-4369-BA3A-EE59B3550E98}.Release|x64.ActiveCfg = Release|Any CPU
		{1A1AE417-7ABD-4369-BA3A-EE59B3550E98}.Release|x64.Build.0 = Release|Any CPU
		{1A1AE417-7ABD-4369-BA3A-EE59B3550E98}.Release|x86.ActiveCfg = Release|Any CPU
		{1A1AE417-7ABD-4369-BA3A-EE59B3550E98}.Release|x86.Build.0 = Release|Any CPU
		{7BE2C591-9C43-40CF-ACE2-5AE1C48DC46C}.Debug|Any CPU.ActiveCfg = Debug|Any CPU
		{7BE2C591-9C43-40CF-ACE2-5AE1C48DC46C}.Debug|Any CPU.Build.0 = Debug|Any CPU
		{7BE2C591-9C43-40CF-ACE2-5AE1C48DC46C}.Debug|x64.ActiveCfg = Debug|Any CPU
		{7BE2C591-9C43-40CF-ACE2-5AE1C48DC46C}.Debug|x64.Build.0 = Debug|Any CPU
		{7BE2C591-9C43-40CF-ACE2-5AE1C48DC46C}.Debug|x86.ActiveCfg = Debug|Any CPU
		{7BE2C591-9C43-40CF-ACE2-5AE1C48DC46C}.Debug|x86.Build.0 = Debug|Any CPU
		{7BE2C591-9C43-40CF-ACE2-5AE1C48DC46C}.Release|Any CPU.ActiveCfg = Release|Any CPU
		{7BE2C591-9C43-40CF-ACE2-5AE1C48DC46C}.Release|Any CPU.Build.0 = Release|Any CPU
		{7BE2C591-9C43-40CF-ACE2-5AE1C48DC46C}.Release|x64.ActiveCfg = Release|Any CPU
		{7BE2C591-9C43-40CF-ACE2-5AE1C48DC46C}.Release|x64.Build.0 = Release|Any CPU
		{7BE2C591-9C43-40CF-ACE2-5AE1C48DC46C}.Release|x86.ActiveCfg = Release|Any CPU
		{7BE2C591-9C43-40CF-ACE2-5AE1C48DC46C}.Release|x86.Build.0 = Release|Any CPU
		{C9521F02-D265-4CAB-BC06-6C6E7E50D88F}.Debug|Any CPU.ActiveCfg = Debug|Any CPU
		{C9521F02-D265-4CAB-BC06-6C6E7E50D88F}.Debug|Any CPU.Build.0 = Debug|Any CPU
		{C9521F02-D265-4CAB-BC06-6C6E7E50D88F}.Debug|x64.ActiveCfg = Debug|Any CPU
		{C9521F02-D265-4CAB-BC06-6C6E7E50D88F}.Debug|x64.Build.0 = Debug|Any CPU
		{C9521F02-D265-4CAB-BC06-6C6E7E50D88F}.Debug|x86.ActiveCfg = Debug|Any CPU
		{C9521F02-D265-4CAB-BC06-6C6E7E50D88F}.Debug|x86.Build.0 = Debug|Any CPU
		{C9521F02-D265-4CAB-BC06-6C6E7E50D88F}.Release|Any CPU.ActiveCfg = Release|Any CPU
		{C9521F02-D265-4CAB-BC06-6C6E7E50D88F}.Release|Any CPU.Build.0 = Release|Any CPU
		{C9521F02-D265-4CAB-BC06-6C6E7E50D88F}.Release|x64.ActiveCfg = Release|Any CPU
		{C9521F02-D265-4CAB-BC06-6C6E7E50D88F}.Release|x64.Build.0 = Release|Any CPU
		{C9521F02-D265-4CAB-BC06-6C6E7E50D88F}.Release|x86.ActiveCfg = Release|Any CPU
		{C9521F02-D265-4CAB-BC06-6C6E7E50D88F}.Release|x86.Build.0 = Release|Any CPU
		{CCEEE0BE-9747-4C58-AA73-98C072617815}.Debug|Any CPU.ActiveCfg = Debug|Any CPU
		{CCEEE0BE-9747-4C58-AA73-98C072617815}.Debug|Any CPU.Build.0 = Debug|Any CPU
		{CCEEE0BE-9747-4C58-AA73-98C072617815}.Debug|x64.ActiveCfg = Debug|Any CPU
		{CCEEE0BE-9747-4C58-AA73-98C072617815}.Debug|x64.Build.0 = Debug|Any CPU
		{CCEEE0BE-9747-4C58-AA73-98C072617815}.Debug|x86.ActiveCfg = Debug|Any CPU
		{CCEEE0BE-9747-4C58-AA73-98C072617815}.Debug|x86.Build.0 = Debug|Any CPU
		{CCEEE0BE-9747-4C58-AA73-98C072617815}.Release|Any CPU.ActiveCfg = Release|Any CPU
		{CCEEE0BE-9747-4C58-AA73-98C072617815}.Release|Any CPU.Build.0 = Release|Any CPU
		{CCEEE0BE-9747-4C58-AA73-98C072617815}.Release|x64.ActiveCfg = Release|Any CPU
		{CCEEE0BE-9747-4C58-AA73-98C072617815}.Release|x64.Build.0 = Release|Any CPU
		{CCEEE0BE-9747-4C58-AA73-98C072617815}.Release|x86.ActiveCfg = Release|Any CPU
		{CCEEE0BE-9747-4C58-AA73-98C072617815}.Release|x86.Build.0 = Release|Any CPU
		{8047B374-F157-4306-A16A-8A953D5A510B}.Debug|Any CPU.ActiveCfg = Debug|Any CPU
		{8047B374-F157-4306-A16A-8A953D5A510B}.Debug|Any CPU.Build.0 = Debug|Any CPU
		{8047B374-F157-4306-A16A-8A953D5A510B}.Debug|x64.ActiveCfg = Debug|Any CPU
		{8047B374-F157-4306-A16A-8A953D5A510B}.Debug|x64.Build.0 = Debug|Any CPU
		{8047B374-F157-4306-A16A-8A953D5A510B}.Debug|x86.ActiveCfg = Debug|Any CPU
		{8047B374-F157-4306-A16A-8A953D5A510B}.Debug|x86.Build.0 = Debug|Any CPU
		{8047B374-F157-4306-A16A-8A953D5A510B}.Release|Any CPU.ActiveCfg = Release|Any CPU
		{8047B374-F157-4306-A16A-8A953D5A510B}.Release|Any CPU.Build.0 = Release|Any CPU
		{8047B374-F157-4306-A16A-8A953D5A510B}.Release|x64.ActiveCfg = Release|Any CPU
		{8047B374-F157-4306-A16A-8A953D5A510B}.Release|x64.Build.0 = Release|Any CPU
		{8047B374-F157-4306-A16A-8A953D5A510B}.Release|x86.ActiveCfg = Release|Any CPU
		{8047B374-F157-4306-A16A-8A953D5A510B}.Release|x86.Build.0 = Release|Any CPU
		{3032ECCC-0E60-44E4-8E32-F86302C9D09A}.Debug|Any CPU.ActiveCfg = Debug|Any CPU
		{3032ECCC-0E60-44E4-8E32-F86302C9D09A}.Debug|Any CPU.Build.0 = Debug|Any CPU
		{3032ECCC-0E60-44E4-8E32-F86302C9D09A}.Debug|x64.ActiveCfg = Debug|Any CPU
		{3032ECCC-0E60-44E4-8E32-F86302C9D09A}.Debug|x64.Build.0 = Debug|Any CPU
		{3032ECCC-0E60-44E4-8E32-F86302C9D09A}.Debug|x86.ActiveCfg = Debug|Any CPU
		{3032ECCC-0E60-44E4-8E32-F86302C9D09A}.Debug|x86.Build.0 = Debug|Any CPU
		{3032ECCC-0E60-44E4-8E32-F86302C9D09A}.Release|Any CPU.ActiveCfg = Release|Any CPU
		{3032ECCC-0E60-44E4-8E32-F86302C9D09A}.Release|Any CPU.Build.0 = Release|Any CPU
		{3032ECCC-0E60-44E4-8E32-F86302C9D09A}.Release|x64.ActiveCfg = Release|Any CPU
		{3032ECCC-0E60-44E4-8E32-F86302C9D09A}.Release|x64.Build.0 = Release|Any CPU
		{3032ECCC-0E60-44E4-8E32-F86302C9D09A}.Release|x86.ActiveCfg = Release|Any CPU
		{3032ECCC-0E60-44E4-8E32-F86302C9D09A}.Release|x86.Build.0 = Release|Any CPU
		{9EF7E567-2FDC-4C85-8546-3FDA5DB1FBBD}.Debug|Any CPU.ActiveCfg = Debug|Any CPU
		{9EF7E567-2FDC-4C85-8546-3FDA5DB1FBBD}.Debug|Any CPU.Build.0 = Debug|Any CPU
		{9EF7E567-2FDC-4C85-8546-3FDA5DB1FBBD}.Debug|x64.ActiveCfg = Debug|Any CPU
		{9EF7E567-2FDC-4C85-8546-3FDA5DB1FBBD}.Debug|x64.Build.0 = Debug|Any CPU
		{9EF7E567-2FDC-4C85-8546-3FDA5DB1FBBD}.Debug|x86.ActiveCfg = Debug|Any CPU
		{9EF7E567-2FDC-4C85-8546-3FDA5DB1FBBD}.Debug|x86.Build.0 = Debug|Any CPU
		{9EF7E567-2FDC-4C85-8546-3FDA5DB1FBBD}.Release|Any CPU.ActiveCfg = Release|Any CPU
		{9EF7E567-2FDC-4C85-8546-3FDA5DB1FBBD}.Release|Any CPU.Build.0 = Release|Any CPU
		{9EF7E567-2FDC-4C85-8546-3FDA5DB1FBBD}.Release|x64.ActiveCfg = Release|Any CPU
		{9EF7E567-2FDC-4C85-8546-3FDA5DB1FBBD}.Release|x64.Build.0 = Release|Any CPU
		{9EF7E567-2FDC-4C85-8546-3FDA5DB1FBBD}.Release|x86.ActiveCfg = Release|Any CPU
		{9EF7E567-2FDC-4C85-8546-3FDA5DB1FBBD}.Release|x86.Build.0 = Release|Any CPU
		{1C8EB698-B03D-476D-A9C0-CCBFDC3C1978}.Debug|Any CPU.ActiveCfg = Debug|Any CPU
		{1C8EB698-B03D-476D-A9C0-CCBFDC3C1978}.Debug|Any CPU.Build.0 = Debug|Any CPU
		{1C8EB698-B03D-476D-A9C0-CCBFDC3C1978}.Debug|x64.ActiveCfg = Debug|Any CPU
		{1C8EB698-B03D-476D-A9C0-CCBFDC3C1978}.Debug|x64.Build.0 = Debug|Any CPU
		{1C8EB698-B03D-476D-A9C0-CCBFDC3C1978}.Debug|x86.ActiveCfg = Debug|Any CPU
		{1C8EB698-B03D-476D-A9C0-CCBFDC3C1978}.Debug|x86.Build.0 = Debug|Any CPU
		{1C8EB698-B03D-476D-A9C0-CCBFDC3C1978}.Release|Any CPU.ActiveCfg = Release|Any CPU
		{1C8EB698-B03D-476D-A9C0-CCBFDC3C1978}.Release|Any CPU.Build.0 = Release|Any CPU
		{1C8EB698-B03D-476D-A9C0-CCBFDC3C1978}.Release|x64.ActiveCfg = Release|Any CPU
		{1C8EB698-B03D-476D-A9C0-CCBFDC3C1978}.Release|x64.Build.0 = Release|Any CPU
		{1C8EB698-B03D-476D-A9C0-CCBFDC3C1978}.Release|x86.ActiveCfg = Release|Any CPU
		{1C8EB698-B03D-476D-A9C0-CCBFDC3C1978}.Release|x86.Build.0 = Release|Any CPU
		{660EF622-4ED4-4FF5-86FE-D03757FA75E9}.Debug|Any CPU.ActiveCfg = Debug|Any CPU
		{660EF622-4ED4-4FF5-86FE-D03757FA75E9}.Debug|Any CPU.Build.0 = Debug|Any CPU
		{660EF622-4ED4-4FF5-86FE-D03757FA75E9}.Debug|x64.ActiveCfg = Debug|Any CPU
		{660EF622-4ED4-4FF5-86FE-D03757FA75E9}.Debug|x64.Build.0 = Debug|Any CPU
		{660EF622-4ED4-4FF5-86FE-D03757FA75E9}.Debug|x86.ActiveCfg = Debug|Any CPU
		{660EF622-4ED4-4FF5-86FE-D03757FA75E9}.Debug|x86.Build.0 = Debug|Any CPU
		{660EF622-4ED4-4FF5-86FE-D03757FA75E9}.Release|Any CPU.ActiveCfg = Release|Any CPU
		{660EF622-4ED4-4FF5-86FE-D03757FA75E9}.Release|Any CPU.Build.0 = Release|Any CPU
		{660EF622-4ED4-4FF5-86FE-D03757FA75E9}.Release|x64.ActiveCfg = Release|Any CPU
		{660EF622-4ED4-4FF5-86FE-D03757FA75E9}.Release|x64.Build.0 = Release|Any CPU
		{660EF622-4ED4-4FF5-86FE-D03757FA75E9}.Release|x86.ActiveCfg = Release|Any CPU
		{660EF622-4ED4-4FF5-86FE-D03757FA75E9}.Release|x86.Build.0 = Release|Any CPU
		{057FA8B8-EA69-4C70-8F17-41D1673E54A9}.Debug|Any CPU.ActiveCfg = Debug|Any CPU
		{057FA8B8-EA69-4C70-8F17-41D1673E54A9}.Debug|Any CPU.Build.0 = Debug|Any CPU
		{057FA8B8-EA69-4C70-8F17-41D1673E54A9}.Debug|x64.ActiveCfg = Debug|Any CPU
		{057FA8B8-EA69-4C70-8F17-41D1673E54A9}.Debug|x64.Build.0 = Debug|Any CPU
		{057FA8B8-EA69-4C70-8F17-41D1673E54A9}.Debug|x86.ActiveCfg = Debug|Any CPU
		{057FA8B8-EA69-4C70-8F17-41D1673E54A9}.Debug|x86.Build.0 = Debug|Any CPU
		{057FA8B8-EA69-4C70-8F17-41D1673E54A9}.Release|Any CPU.ActiveCfg = Release|Any CPU
		{057FA8B8-EA69-4C70-8F17-41D1673E54A9}.Release|Any CPU.Build.0 = Release|Any CPU
		{057FA8B8-EA69-4C70-8F17-41D1673E54A9}.Release|x64.ActiveCfg = Release|Any CPU
		{057FA8B8-EA69-4C70-8F17-41D1673E54A9}.Release|x64.Build.0 = Release|Any CPU
		{057FA8B8-EA69-4C70-8F17-41D1673E54A9}.Release|x86.ActiveCfg = Release|Any CPU
		{057FA8B8-EA69-4C70-8F17-41D1673E54A9}.Release|x86.Build.0 = Release|Any CPU
		{B5E18C27-4CAD-4CA8-92E2-01DEE0EB45A7}.Debug|Any CPU.ActiveCfg = Debug|Any CPU
		{B5E18C27-4CAD-4CA8-92E2-01DEE0EB45A7}.Debug|Any CPU.Build.0 = Debug|Any CPU
		{B5E18C27-4CAD-4CA8-92E2-01DEE0EB45A7}.Debug|x64.ActiveCfg = Debug|Any CPU
		{B5E18C27-4CAD-4CA8-92E2-01DEE0EB45A7}.Debug|x64.Build.0 = Debug|Any CPU
		{B5E18C27-4CAD-4CA8-92E2-01DEE0EB45A7}.Debug|x86.ActiveCfg = Debug|Any CPU
		{B5E18C27-4CAD-4CA8-92E2-01DEE0EB45A7}.Debug|x86.Build.0 = Debug|Any CPU
		{B5E18C27-4CAD-4CA8-92E2-01DEE0EB45A7}.Release|Any CPU.ActiveCfg = Release|Any CPU
		{B5E18C27-4CAD-4CA8-92E2-01DEE0EB45A7}.Release|Any CPU.Build.0 = Release|Any CPU
		{B5E18C27-4CAD-4CA8-92E2-01DEE0EB45A7}.Release|x64.ActiveCfg = Release|Any CPU
		{B5E18C27-4CAD-4CA8-92E2-01DEE0EB45A7}.Release|x64.Build.0 = Release|Any CPU
		{B5E18C27-4CAD-4CA8-92E2-01DEE0EB45A7}.Release|x86.ActiveCfg = Release|Any CPU
		{B5E18C27-4CAD-4CA8-92E2-01DEE0EB45A7}.Release|x86.Build.0 = Release|Any CPU
		{0D6F47D7-FB10-4B43-9294-DE707CA63810}.Debug|Any CPU.ActiveCfg = Debug|Any CPU
		{0D6F47D7-FB10-4B43-9294-DE707CA63810}.Debug|Any CPU.Build.0 = Debug|Any CPU
		{0D6F47D7-FB10-4B43-9294-DE707CA63810}.Debug|x64.ActiveCfg = Debug|Any CPU
		{0D6F47D7-FB10-4B43-9294-DE707CA63810}.Debug|x64.Build.0 = Debug|Any CPU
		{0D6F47D7-FB10-4B43-9294-DE707CA63810}.Debug|x86.ActiveCfg = Debug|Any CPU
		{0D6F47D7-FB10-4B43-9294-DE707CA63810}.Debug|x86.Build.0 = Debug|Any CPU
		{0D6F47D7-FB10-4B43-9294-DE707CA63810}.Release|Any CPU.ActiveCfg = Release|Any CPU
		{0D6F47D7-FB10-4B43-9294-DE707CA63810}.Release|Any CPU.Build.0 = Release|Any CPU
		{0D6F47D7-FB10-4B43-9294-DE707CA63810}.Release|x64.ActiveCfg = Release|Any CPU
		{0D6F47D7-FB10-4B43-9294-DE707CA63810}.Release|x64.Build.0 = Release|Any CPU
		{0D6F47D7-FB10-4B43-9294-DE707CA63810}.Release|x86.ActiveCfg = Release|Any CPU
		{0D6F47D7-FB10-4B43-9294-DE707CA63810}.Release|x86.Build.0 = Release|Any CPU
		{8341DEAC-DEB6-4038-8DFB-43B882F96BCF}.Debug|Any CPU.ActiveCfg = Debug|Any CPU
		{8341DEAC-DEB6-4038-8DFB-43B882F96BCF}.Debug|Any CPU.Build.0 = Debug|Any CPU
		{8341DEAC-DEB6-4038-8DFB-43B882F96BCF}.Debug|x64.ActiveCfg = Debug|Any CPU
		{8341DEAC-DEB6-4038-8DFB-43B882F96BCF}.Debug|x64.Build.0 = Debug|Any CPU
		{8341DEAC-DEB6-4038-8DFB-43B882F96BCF}.Debug|x86.ActiveCfg = Debug|Any CPU
		{8341DEAC-DEB6-4038-8DFB-43B882F96BCF}.Debug|x86.Build.0 = Debug|Any CPU
		{8341DEAC-DEB6-4038-8DFB-43B882F96BCF}.Release|Any CPU.ActiveCfg = Release|Any CPU
		{8341DEAC-DEB6-4038-8DFB-43B882F96BCF}.Release|Any CPU.Build.0 = Release|Any CPU
		{8341DEAC-DEB6-4038-8DFB-43B882F96BCF}.Release|x64.ActiveCfg = Release|Any CPU
		{8341DEAC-DEB6-4038-8DFB-43B882F96BCF}.Release|x64.Build.0 = Release|Any CPU
		{8341DEAC-DEB6-4038-8DFB-43B882F96BCF}.Release|x86.ActiveCfg = Release|Any CPU
		{8341DEAC-DEB6-4038-8DFB-43B882F96BCF}.Release|x86.Build.0 = Release|Any CPU
		{2F6F4687-BABF-4B22-B04A-403780A6CCD5}.Debug|Any CPU.ActiveCfg = Debug|Any CPU
		{2F6F4687-BABF-4B22-B04A-403780A6CCD5}.Debug|Any CPU.Build.0 = Debug|Any CPU
		{2F6F4687-BABF-4B22-B04A-403780A6CCD5}.Debug|x64.ActiveCfg = Debug|Any CPU
		{2F6F4687-BABF-4B22-B04A-403780A6CCD5}.Debug|x64.Build.0 = Debug|Any CPU
		{2F6F4687-BABF-4B22-B04A-403780A6CCD5}.Debug|x86.ActiveCfg = Debug|Any CPU
		{2F6F4687-BABF-4B22-B04A-403780A6CCD5}.Debug|x86.Build.0 = Debug|Any CPU
		{2F6F4687-BABF-4B22-B04A-403780A6CCD5}.Release|Any CPU.ActiveCfg = Release|Any CPU
		{2F6F4687-BABF-4B22-B04A-403780A6CCD5}.Release|Any CPU.Build.0 = Release|Any CPU
		{2F6F4687-BABF-4B22-B04A-403780A6CCD5}.Release|x64.ActiveCfg = Release|Any CPU
		{2F6F4687-BABF-4B22-B04A-403780A6CCD5}.Release|x64.Build.0 = Release|Any CPU
		{2F6F4687-BABF-4B22-B04A-403780A6CCD5}.Release|x86.ActiveCfg = Release|Any CPU
		{2F6F4687-BABF-4B22-B04A-403780A6CCD5}.Release|x86.Build.0 = Release|Any CPU
		{F86D2982-6987-41D6-840C-8BDA3F2A98DE}.Debug|Any CPU.ActiveCfg = Debug|Any CPU
		{F86D2982-6987-41D6-840C-8BDA3F2A98DE}.Debug|Any CPU.Build.0 = Debug|Any CPU
		{F86D2982-6987-41D6-840C-8BDA3F2A98DE}.Debug|x64.ActiveCfg = Debug|Any CPU
		{F86D2982-6987-41D6-840C-8BDA3F2A98DE}.Debug|x64.Build.0 = Debug|Any CPU
		{F86D2982-6987-41D6-840C-8BDA3F2A98DE}.Debug|x86.ActiveCfg = Debug|Any CPU
		{F86D2982-6987-41D6-840C-8BDA3F2A98DE}.Debug|x86.Build.0 = Debug|Any CPU
		{F86D2982-6987-41D6-840C-8BDA3F2A98DE}.Release|Any CPU.ActiveCfg = Release|Any CPU
		{F86D2982-6987-41D6-840C-8BDA3F2A98DE}.Release|Any CPU.Build.0 = Release|Any CPU
		{F86D2982-6987-41D6-840C-8BDA3F2A98DE}.Release|x64.ActiveCfg = Release|Any CPU
		{F86D2982-6987-41D6-840C-8BDA3F2A98DE}.Release|x64.Build.0 = Release|Any CPU
		{F86D2982-6987-41D6-840C-8BDA3F2A98DE}.Release|x86.ActiveCfg = Release|Any CPU
		{F86D2982-6987-41D6-840C-8BDA3F2A98DE}.Release|x86.Build.0 = Release|Any CPU
		{E5DAFC41-F69A-462D-9187-518A91CF779C}.Debug|Any CPU.ActiveCfg = Debug|Any CPU
		{E5DAFC41-F69A-462D-9187-518A91CF779C}.Debug|Any CPU.Build.0 = Debug|Any CPU
		{E5DAFC41-F69A-462D-9187-518A91CF779C}.Debug|x64.ActiveCfg = Debug|Any CPU
		{E5DAFC41-F69A-462D-9187-518A91CF779C}.Debug|x64.Build.0 = Debug|Any CPU
		{E5DAFC41-F69A-462D-9187-518A91CF779C}.Debug|x86.ActiveCfg = Debug|Any CPU
		{E5DAFC41-F69A-462D-9187-518A91CF779C}.Debug|x86.Build.0 = Debug|Any CPU
		{E5DAFC41-F69A-462D-9187-518A91CF779C}.Release|Any CPU.ActiveCfg = Release|Any CPU
		{E5DAFC41-F69A-462D-9187-518A91CF779C}.Release|Any CPU.Build.0 = Release|Any CPU
		{E5DAFC41-F69A-462D-9187-518A91CF779C}.Release|x64.ActiveCfg = Release|Any CPU
		{E5DAFC41-F69A-462D-9187-518A91CF779C}.Release|x64.Build.0 = Release|Any CPU
		{E5DAFC41-F69A-462D-9187-518A91CF779C}.Release|x86.ActiveCfg = Release|Any CPU
		{E5DAFC41-F69A-462D-9187-518A91CF779C}.Release|x86.Build.0 = Release|Any CPU
		{A145E646-7B47-4323-B229-C2F0C9BCB012}.Debug|Any CPU.ActiveCfg = Debug|Any CPU
		{A145E646-7B47-4323-B229-C2F0C9BCB012}.Debug|Any CPU.Build.0 = Debug|Any CPU
		{A145E646-7B47-4323-B229-C2F0C9BCB012}.Debug|x64.ActiveCfg = Debug|Any CPU
		{A145E646-7B47-4323-B229-C2F0C9BCB012}.Debug|x64.Build.0 = Debug|Any CPU
		{A145E646-7B47-4323-B229-C2F0C9BCB012}.Debug|x86.ActiveCfg = Debug|Any CPU
		{A145E646-7B47-4323-B229-C2F0C9BCB012}.Debug|x86.Build.0 = Debug|Any CPU
		{A145E646-7B47-4323-B229-C2F0C9BCB012}.Release|Any CPU.ActiveCfg = Release|Any CPU
		{A145E646-7B47-4323-B229-C2F0C9BCB012}.Release|Any CPU.Build.0 = Release|Any CPU
		{A145E646-7B47-4323-B229-C2F0C9BCB012}.Release|x64.ActiveCfg = Release|Any CPU
		{A145E646-7B47-4323-B229-C2F0C9BCB012}.Release|x64.Build.0 = Release|Any CPU
		{A145E646-7B47-4323-B229-C2F0C9BCB012}.Release|x86.ActiveCfg = Release|Any CPU
		{A145E646-7B47-4323-B229-C2F0C9BCB012}.Release|x86.Build.0 = Release|Any CPU
		{E3987EA3-A86A-4961-A921-D59D9F8842D8}.Debug|Any CPU.ActiveCfg = Debug|Any CPU
		{E3987EA3-A86A-4961-A921-D59D9F8842D8}.Debug|Any CPU.Build.0 = Debug|Any CPU
		{E3987EA3-A86A-4961-A921-D59D9F8842D8}.Debug|x64.ActiveCfg = Debug|Any CPU
		{E3987EA3-A86A-4961-A921-D59D9F8842D8}.Debug|x64.Build.0 = Debug|Any CPU
		{E3987EA3-A86A-4961-A921-D59D9F8842D8}.Debug|x86.ActiveCfg = Debug|Any CPU
		{E3987EA3-A86A-4961-A921-D59D9F8842D8}.Debug|x86.Build.0 = Debug|Any CPU
		{E3987EA3-A86A-4961-A921-D59D9F8842D8}.Release|Any CPU.ActiveCfg = Release|Any CPU
		{E3987EA3-A86A-4961-A921-D59D9F8842D8}.Release|Any CPU.Build.0 = Release|Any CPU
		{E3987EA3-A86A-4961-A921-D59D9F8842D8}.Release|x64.ActiveCfg = Release|Any CPU
		{E3987EA3-A86A-4961-A921-D59D9F8842D8}.Release|x64.Build.0 = Release|Any CPU
		{E3987EA3-A86A-4961-A921-D59D9F8842D8}.Release|x86.ActiveCfg = Release|Any CPU
		{E3987EA3-A86A-4961-A921-D59D9F8842D8}.Release|x86.Build.0 = Release|Any CPU
		{9C26937A-8561-4C46-9C50-F23F1C5E9D14}.Debug|Any CPU.ActiveCfg = Debug|Any CPU
		{9C26937A-8561-4C46-9C50-F23F1C5E9D14}.Debug|Any CPU.Build.0 = Debug|Any CPU
		{9C26937A-8561-4C46-9C50-F23F1C5E9D14}.Debug|x64.ActiveCfg = Debug|Any CPU
		{9C26937A-8561-4C46-9C50-F23F1C5E9D14}.Debug|x64.Build.0 = Debug|Any CPU
		{9C26937A-8561-4C46-9C50-F23F1C5E9D14}.Debug|x86.ActiveCfg = Debug|Any CPU
		{9C26937A-8561-4C46-9C50-F23F1C5E9D14}.Debug|x86.Build.0 = Debug|Any CPU
		{9C26937A-8561-4C46-9C50-F23F1C5E9D14}.Release|Any CPU.ActiveCfg = Release|Any CPU
		{9C26937A-8561-4C46-9C50-F23F1C5E9D14}.Release|Any CPU.Build.0 = Release|Any CPU
		{9C26937A-8561-4C46-9C50-F23F1C5E9D14}.Release|x64.ActiveCfg = Release|Any CPU
		{9C26937A-8561-4C46-9C50-F23F1C5E9D14}.Release|x64.Build.0 = Release|Any CPU
		{9C26937A-8561-4C46-9C50-F23F1C5E9D14}.Release|x86.ActiveCfg = Release|Any CPU
		{9C26937A-8561-4C46-9C50-F23F1C5E9D14}.Release|x86.Build.0 = Release|Any CPU
		{01C4715B-8782-4D6D-9C8F-7F14251226CC}.Debug|Any CPU.ActiveCfg = Debug|Any CPU
		{01C4715B-8782-4D6D-9C8F-7F14251226CC}.Debug|Any CPU.Build.0 = Debug|Any CPU
		{01C4715B-8782-4D6D-9C8F-7F14251226CC}.Debug|x64.ActiveCfg = Debug|Any CPU
		{01C4715B-8782-4D6D-9C8F-7F14251226CC}.Debug|x64.Build.0 = Debug|Any CPU
		{01C4715B-8782-4D6D-9C8F-7F14251226CC}.Debug|x86.ActiveCfg = Debug|Any CPU
		{01C4715B-8782-4D6D-9C8F-7F14251226CC}.Debug|x86.Build.0 = Debug|Any CPU
		{01C4715B-8782-4D6D-9C8F-7F14251226CC}.Release|Any CPU.ActiveCfg = Release|Any CPU
		{01C4715B-8782-4D6D-9C8F-7F14251226CC}.Release|Any CPU.Build.0 = Release|Any CPU
		{01C4715B-8782-4D6D-9C8F-7F14251226CC}.Release|x64.ActiveCfg = Release|Any CPU
		{01C4715B-8782-4D6D-9C8F-7F14251226CC}.Release|x64.Build.0 = Release|Any CPU
		{01C4715B-8782-4D6D-9C8F-7F14251226CC}.Release|x86.ActiveCfg = Release|Any CPU
		{01C4715B-8782-4D6D-9C8F-7F14251226CC}.Release|x86.Build.0 = Release|Any CPU
		{823BE541-78E9-42EF-8F31-AC101529280D}.Debug|Any CPU.ActiveCfg = Debug|Any CPU
		{823BE541-78E9-42EF-8F31-AC101529280D}.Debug|Any CPU.Build.0 = Debug|Any CPU
		{823BE541-78E9-42EF-8F31-AC101529280D}.Debug|x64.ActiveCfg = Debug|Any CPU
		{823BE541-78E9-42EF-8F31-AC101529280D}.Debug|x64.Build.0 = Debug|Any CPU
		{823BE541-78E9-42EF-8F31-AC101529280D}.Debug|x86.ActiveCfg = Debug|Any CPU
		{823BE541-78E9-42EF-8F31-AC101529280D}.Debug|x86.Build.0 = Debug|Any CPU
		{823BE541-78E9-42EF-8F31-AC101529280D}.Release|Any CPU.ActiveCfg = Release|Any CPU
		{823BE541-78E9-42EF-8F31-AC101529280D}.Release|Any CPU.Build.0 = Release|Any CPU
		{823BE541-78E9-42EF-8F31-AC101529280D}.Release|x64.ActiveCfg = Release|Any CPU
		{823BE541-78E9-42EF-8F31-AC101529280D}.Release|x64.Build.0 = Release|Any CPU
		{823BE541-78E9-42EF-8F31-AC101529280D}.Release|x86.ActiveCfg = Release|Any CPU
		{823BE541-78E9-42EF-8F31-AC101529280D}.Release|x86.Build.0 = Release|Any CPU
		{8EE25697-D2DB-4A0B-8F49-7DC34445F12A}.Debug|Any CPU.ActiveCfg = Debug|Any CPU
		{8EE25697-D2DB-4A0B-8F49-7DC34445F12A}.Debug|Any CPU.Build.0 = Debug|Any CPU
		{8EE25697-D2DB-4A0B-8F49-7DC34445F12A}.Debug|x64.ActiveCfg = Debug|Any CPU
		{8EE25697-D2DB-4A0B-8F49-7DC34445F12A}.Debug|x64.Build.0 = Debug|Any CPU
		{8EE25697-D2DB-4A0B-8F49-7DC34445F12A}.Debug|x86.ActiveCfg = Debug|Any CPU
		{8EE25697-D2DB-4A0B-8F49-7DC34445F12A}.Debug|x86.Build.0 = Debug|Any CPU
		{8EE25697-D2DB-4A0B-8F49-7DC34445F12A}.Release|Any CPU.ActiveCfg = Release|Any CPU
		{8EE25697-D2DB-4A0B-8F49-7DC34445F12A}.Release|Any CPU.Build.0 = Release|Any CPU
		{8EE25697-D2DB-4A0B-8F49-7DC34445F12A}.Release|x64.ActiveCfg = Release|Any CPU
		{8EE25697-D2DB-4A0B-8F49-7DC34445F12A}.Release|x64.Build.0 = Release|Any CPU
		{8EE25697-D2DB-4A0B-8F49-7DC34445F12A}.Release|x86.ActiveCfg = Release|Any CPU
		{8EE25697-D2DB-4A0B-8F49-7DC34445F12A}.Release|x86.Build.0 = Release|Any CPU
		{8D7A81AD-126E-46A9-B353-F14C0B6E91D8}.Debug|Any CPU.ActiveCfg = Debug|Any CPU
		{8D7A81AD-126E-46A9-B353-F14C0B6E91D8}.Debug|Any CPU.Build.0 = Debug|Any CPU
		{8D7A81AD-126E-46A9-B353-F14C0B6E91D8}.Debug|x64.ActiveCfg = Debug|Any CPU
		{8D7A81AD-126E-46A9-B353-F14C0B6E91D8}.Debug|x64.Build.0 = Debug|Any CPU
		{8D7A81AD-126E-46A9-B353-F14C0B6E91D8}.Debug|x86.ActiveCfg = Debug|Any CPU
		{8D7A81AD-126E-46A9-B353-F14C0B6E91D8}.Debug|x86.Build.0 = Debug|Any CPU
		{8D7A81AD-126E-46A9-B353-F14C0B6E91D8}.Release|Any CPU.ActiveCfg = Release|Any CPU
		{8D7A81AD-126E-46A9-B353-F14C0B6E91D8}.Release|Any CPU.Build.0 = Release|Any CPU
		{8D7A81AD-126E-46A9-B353-F14C0B6E91D8}.Release|x64.ActiveCfg = Release|Any CPU
		{8D7A81AD-126E-46A9-B353-F14C0B6E91D8}.Release|x64.Build.0 = Release|Any CPU
		{8D7A81AD-126E-46A9-B353-F14C0B6E91D8}.Release|x86.ActiveCfg = Release|Any CPU
		{8D7A81AD-126E-46A9-B353-F14C0B6E91D8}.Release|x86.Build.0 = Release|Any CPU
		{A093E0C5-5806-45BD-9994-11B97F6D3F21}.Debug|Any CPU.ActiveCfg = Debug|Any CPU
		{A093E0C5-5806-45BD-9994-11B97F6D3F21}.Debug|Any CPU.Build.0 = Debug|Any CPU
		{A093E0C5-5806-45BD-9994-11B97F6D3F21}.Debug|x64.ActiveCfg = Debug|Any CPU
		{A093E0C5-5806-45BD-9994-11B97F6D3F21}.Debug|x64.Build.0 = Debug|Any CPU
		{A093E0C5-5806-45BD-9994-11B97F6D3F21}.Debug|x86.ActiveCfg = Debug|Any CPU
		{A093E0C5-5806-45BD-9994-11B97F6D3F21}.Debug|x86.Build.0 = Debug|Any CPU
		{A093E0C5-5806-45BD-9994-11B97F6D3F21}.Release|Any CPU.ActiveCfg = Release|Any CPU
		{A093E0C5-5806-45BD-9994-11B97F6D3F21}.Release|Any CPU.Build.0 = Release|Any CPU
		{A093E0C5-5806-45BD-9994-11B97F6D3F21}.Release|x64.ActiveCfg = Release|Any CPU
		{A093E0C5-5806-45BD-9994-11B97F6D3F21}.Release|x64.Build.0 = Release|Any CPU
		{A093E0C5-5806-45BD-9994-11B97F6D3F21}.Release|x86.ActiveCfg = Release|Any CPU
		{A093E0C5-5806-45BD-9994-11B97F6D3F21}.Release|x86.Build.0 = Release|Any CPU
		{C60E1165-DBA7-4D1D-87A4-639C441162D2}.Debug|Any CPU.ActiveCfg = Debug|Any CPU
		{C60E1165-DBA7-4D1D-87A4-639C441162D2}.Debug|Any CPU.Build.0 = Debug|Any CPU
		{C60E1165-DBA7-4D1D-87A4-639C441162D2}.Debug|x64.ActiveCfg = Debug|Any CPU
		{C60E1165-DBA7-4D1D-87A4-639C441162D2}.Debug|x64.Build.0 = Debug|Any CPU
		{C60E1165-DBA7-4D1D-87A4-639C441162D2}.Debug|x86.ActiveCfg = Debug|Any CPU
		{C60E1165-DBA7-4D1D-87A4-639C441162D2}.Debug|x86.Build.0 = Debug|Any CPU
		{C60E1165-DBA7-4D1D-87A4-639C441162D2}.Release|Any CPU.ActiveCfg = Release|Any CPU
		{C60E1165-DBA7-4D1D-87A4-639C441162D2}.Release|Any CPU.Build.0 = Release|Any CPU
		{C60E1165-DBA7-4D1D-87A4-639C441162D2}.Release|x64.ActiveCfg = Release|Any CPU
		{C60E1165-DBA7-4D1D-87A4-639C441162D2}.Release|x64.Build.0 = Release|Any CPU
		{C60E1165-DBA7-4D1D-87A4-639C441162D2}.Release|x86.ActiveCfg = Release|Any CPU
		{C60E1165-DBA7-4D1D-87A4-639C441162D2}.Release|x86.Build.0 = Release|Any CPU
		{58E035A7-5C3A-4400-AFCD-68F0C292E5E9}.Debug|Any CPU.ActiveCfg = Debug|Any CPU
		{58E035A7-5C3A-4400-AFCD-68F0C292E5E9}.Debug|Any CPU.Build.0 = Debug|Any CPU
		{58E035A7-5C3A-4400-AFCD-68F0C292E5E9}.Debug|x64.ActiveCfg = Debug|Any CPU
		{58E035A7-5C3A-4400-AFCD-68F0C292E5E9}.Debug|x64.Build.0 = Debug|Any CPU
		{58E035A7-5C3A-4400-AFCD-68F0C292E5E9}.Debug|x86.ActiveCfg = Debug|Any CPU
		{58E035A7-5C3A-4400-AFCD-68F0C292E5E9}.Debug|x86.Build.0 = Debug|Any CPU
		{58E035A7-5C3A-4400-AFCD-68F0C292E5E9}.Release|Any CPU.ActiveCfg = Release|Any CPU
		{58E035A7-5C3A-4400-AFCD-68F0C292E5E9}.Release|Any CPU.Build.0 = Release|Any CPU
		{58E035A7-5C3A-4400-AFCD-68F0C292E5E9}.Release|x64.ActiveCfg = Release|Any CPU
		{58E035A7-5C3A-4400-AFCD-68F0C292E5E9}.Release|x64.Build.0 = Release|Any CPU
		{58E035A7-5C3A-4400-AFCD-68F0C292E5E9}.Release|x86.ActiveCfg = Release|Any CPU
		{58E035A7-5C3A-4400-AFCD-68F0C292E5E9}.Release|x86.Build.0 = Release|Any CPU
		{93C88E45-CA82-4279-9851-3B9461D738E8}.Debug|Any CPU.ActiveCfg = Debug|Any CPU
		{93C88E45-CA82-4279-9851-3B9461D738E8}.Debug|Any CPU.Build.0 = Debug|Any CPU
		{93C88E45-CA82-4279-9851-3B9461D738E8}.Debug|x64.ActiveCfg = Debug|Any CPU
		{93C88E45-CA82-4279-9851-3B9461D738E8}.Debug|x64.Build.0 = Debug|Any CPU
		{93C88E45-CA82-4279-9851-3B9461D738E8}.Debug|x86.ActiveCfg = Debug|Any CPU
		{93C88E45-CA82-4279-9851-3B9461D738E8}.Debug|x86.Build.0 = Debug|Any CPU
		{93C88E45-CA82-4279-9851-3B9461D738E8}.Release|Any CPU.ActiveCfg = Release|Any CPU
		{93C88E45-CA82-4279-9851-3B9461D738E8}.Release|Any CPU.Build.0 = Release|Any CPU
		{93C88E45-CA82-4279-9851-3B9461D738E8}.Release|x64.ActiveCfg = Release|Any CPU
		{93C88E45-CA82-4279-9851-3B9461D738E8}.Release|x64.Build.0 = Release|Any CPU
		{93C88E45-CA82-4279-9851-3B9461D738E8}.Release|x86.ActiveCfg = Release|Any CPU
		{93C88E45-CA82-4279-9851-3B9461D738E8}.Release|x86.Build.0 = Release|Any CPU
		{B779140D-06A4-4004-BA5E-594350D5CED0}.Debug|Any CPU.ActiveCfg = Debug|Any CPU
		{B779140D-06A4-4004-BA5E-594350D5CED0}.Debug|Any CPU.Build.0 = Debug|Any CPU
		{B779140D-06A4-4004-BA5E-594350D5CED0}.Debug|x64.ActiveCfg = Debug|Any CPU
		{B779140D-06A4-4004-BA5E-594350D5CED0}.Debug|x64.Build.0 = Debug|Any CPU
		{B779140D-06A4-4004-BA5E-594350D5CED0}.Debug|x86.ActiveCfg = Debug|Any CPU
		{B779140D-06A4-4004-BA5E-594350D5CED0}.Debug|x86.Build.0 = Debug|Any CPU
		{B779140D-06A4-4004-BA5E-594350D5CED0}.Release|Any CPU.ActiveCfg = Release|Any CPU
		{B779140D-06A4-4004-BA5E-594350D5CED0}.Release|Any CPU.Build.0 = Release|Any CPU
		{B779140D-06A4-4004-BA5E-594350D5CED0}.Release|x64.ActiveCfg = Release|Any CPU
		{B779140D-06A4-4004-BA5E-594350D5CED0}.Release|x64.Build.0 = Release|Any CPU
		{B779140D-06A4-4004-BA5E-594350D5CED0}.Release|x86.ActiveCfg = Release|Any CPU
		{B779140D-06A4-4004-BA5E-594350D5CED0}.Release|x86.Build.0 = Release|Any CPU
		{3DB9CF95-0838-4B21-A42F-8DDB6C109DC4}.Debug|Any CPU.ActiveCfg = Debug|Any CPU
		{3DB9CF95-0838-4B21-A42F-8DDB6C109DC4}.Debug|Any CPU.Build.0 = Debug|Any CPU
		{3DB9CF95-0838-4B21-A42F-8DDB6C109DC4}.Debug|x64.ActiveCfg = Debug|Any CPU
		{3DB9CF95-0838-4B21-A42F-8DDB6C109DC4}.Debug|x64.Build.0 = Debug|Any CPU
		{3DB9CF95-0838-4B21-A42F-8DDB6C109DC4}.Debug|x86.ActiveCfg = Debug|Any CPU
		{3DB9CF95-0838-4B21-A42F-8DDB6C109DC4}.Debug|x86.Build.0 = Debug|Any CPU
		{3DB9CF95-0838-4B21-A42F-8DDB6C109DC4}.Release|Any CPU.ActiveCfg = Release|Any CPU
		{3DB9CF95-0838-4B21-A42F-8DDB6C109DC4}.Release|Any CPU.Build.0 = Release|Any CPU
		{3DB9CF95-0838-4B21-A42F-8DDB6C109DC4}.Release|x64.ActiveCfg = Release|Any CPU
		{3DB9CF95-0838-4B21-A42F-8DDB6C109DC4}.Release|x64.Build.0 = Release|Any CPU
		{3DB9CF95-0838-4B21-A42F-8DDB6C109DC4}.Release|x86.ActiveCfg = Release|Any CPU
		{3DB9CF95-0838-4B21-A42F-8DDB6C109DC4}.Release|x86.Build.0 = Release|Any CPU
		{5EFABDE6-72F8-41A9-9969-1610F6B285D3}.Debug|Any CPU.ActiveCfg = Debug|Any CPU
		{5EFABDE6-72F8-41A9-9969-1610F6B285D3}.Debug|Any CPU.Build.0 = Debug|Any CPU
		{5EFABDE6-72F8-41A9-9969-1610F6B285D3}.Debug|x64.ActiveCfg = Debug|Any CPU
		{5EFABDE6-72F8-41A9-9969-1610F6B285D3}.Debug|x64.Build.0 = Debug|Any CPU
		{5EFABDE6-72F8-41A9-9969-1610F6B285D3}.Debug|x86.ActiveCfg = Debug|Any CPU
		{5EFABDE6-72F8-41A9-9969-1610F6B285D3}.Debug|x86.Build.0 = Debug|Any CPU
		{5EFABDE6-72F8-41A9-9969-1610F6B285D3}.Release|Any CPU.ActiveCfg = Release|Any CPU
		{5EFABDE6-72F8-41A9-9969-1610F6B285D3}.Release|Any CPU.Build.0 = Release|Any CPU
		{5EFABDE6-72F8-41A9-9969-1610F6B285D3}.Release|x64.ActiveCfg = Release|Any CPU
		{5EFABDE6-72F8-41A9-9969-1610F6B285D3}.Release|x64.Build.0 = Release|Any CPU
		{5EFABDE6-72F8-41A9-9969-1610F6B285D3}.Release|x86.ActiveCfg = Release|Any CPU
		{5EFABDE6-72F8-41A9-9969-1610F6B285D3}.Release|x86.Build.0 = Release|Any CPU
		{F28E4E43-AA6A-4C07-8F1A-E9B3DC01D410}.Debug|Any CPU.ActiveCfg = Debug|Any CPU
		{F28E4E43-AA6A-4C07-8F1A-E9B3DC01D410}.Debug|Any CPU.Build.0 = Debug|Any CPU
		{F28E4E43-AA6A-4C07-8F1A-E9B3DC01D410}.Debug|x64.ActiveCfg = Debug|Any CPU
		{F28E4E43-AA6A-4C07-8F1A-E9B3DC01D410}.Debug|x64.Build.0 = Debug|Any CPU
		{F28E4E43-AA6A-4C07-8F1A-E9B3DC01D410}.Debug|x86.ActiveCfg = Debug|Any CPU
		{F28E4E43-AA6A-4C07-8F1A-E9B3DC01D410}.Debug|x86.Build.0 = Debug|Any CPU
		{F28E4E43-AA6A-4C07-8F1A-E9B3DC01D410}.Release|Any CPU.ActiveCfg = Release|Any CPU
		{F28E4E43-AA6A-4C07-8F1A-E9B3DC01D410}.Release|Any CPU.Build.0 = Release|Any CPU
		{F28E4E43-AA6A-4C07-8F1A-E9B3DC01D410}.Release|x64.ActiveCfg = Release|Any CPU
		{F28E4E43-AA6A-4C07-8F1A-E9B3DC01D410}.Release|x64.Build.0 = Release|Any CPU
		{F28E4E43-AA6A-4C07-8F1A-E9B3DC01D410}.Release|x86.ActiveCfg = Release|Any CPU
		{F28E4E43-AA6A-4C07-8F1A-E9B3DC01D410}.Release|x86.Build.0 = Release|Any CPU
		{DE69BD33-B267-446B-8B72-45B6C0C8E8B1}.Debug|Any CPU.ActiveCfg = Debug|Any CPU
		{DE69BD33-B267-446B-8B72-45B6C0C8E8B1}.Debug|Any CPU.Build.0 = Debug|Any CPU
		{DE69BD33-B267-446B-8B72-45B6C0C8E8B1}.Debug|x64.ActiveCfg = Debug|Any CPU
		{DE69BD33-B267-446B-8B72-45B6C0C8E8B1}.Debug|x64.Build.0 = Debug|Any CPU
		{DE69BD33-B267-446B-8B72-45B6C0C8E8B1}.Debug|x86.ActiveCfg = Debug|Any CPU
		{DE69BD33-B267-446B-8B72-45B6C0C8E8B1}.Debug|x86.Build.0 = Debug|Any CPU
		{DE69BD33-B267-446B-8B72-45B6C0C8E8B1}.Release|Any CPU.ActiveCfg = Release|Any CPU
		{DE69BD33-B267-446B-8B72-45B6C0C8E8B1}.Release|Any CPU.Build.0 = Release|Any CPU
		{DE69BD33-B267-446B-8B72-45B6C0C8E8B1}.Release|x64.ActiveCfg = Release|Any CPU
		{DE69BD33-B267-446B-8B72-45B6C0C8E8B1}.Release|x64.Build.0 = Release|Any CPU
		{DE69BD33-B267-446B-8B72-45B6C0C8E8B1}.Release|x86.ActiveCfg = Release|Any CPU
		{DE69BD33-B267-446B-8B72-45B6C0C8E8B1}.Release|x86.Build.0 = Release|Any CPU
		{16C1EE00-7498-4D16-BB3A-45468F4054C1}.Debug|Any CPU.ActiveCfg = Debug|Any CPU
		{16C1EE00-7498-4D16-BB3A-45468F4054C1}.Debug|Any CPU.Build.0 = Debug|Any CPU
		{16C1EE00-7498-4D16-BB3A-45468F4054C1}.Debug|x64.ActiveCfg = Debug|Any CPU
		{16C1EE00-7498-4D16-BB3A-45468F4054C1}.Debug|x64.Build.0 = Debug|Any CPU
		{16C1EE00-7498-4D16-BB3A-45468F4054C1}.Debug|x86.ActiveCfg = Debug|Any CPU
		{16C1EE00-7498-4D16-BB3A-45468F4054C1}.Debug|x86.Build.0 = Debug|Any CPU
		{16C1EE00-7498-4D16-BB3A-45468F4054C1}.Release|Any CPU.ActiveCfg = Release|Any CPU
		{16C1EE00-7498-4D16-BB3A-45468F4054C1}.Release|Any CPU.Build.0 = Release|Any CPU
		{16C1EE00-7498-4D16-BB3A-45468F4054C1}.Release|x64.ActiveCfg = Release|Any CPU
		{16C1EE00-7498-4D16-BB3A-45468F4054C1}.Release|x64.Build.0 = Release|Any CPU
		{16C1EE00-7498-4D16-BB3A-45468F4054C1}.Release|x86.ActiveCfg = Release|Any CPU
		{16C1EE00-7498-4D16-BB3A-45468F4054C1}.Release|x86.Build.0 = Release|Any CPU
		{A0E114D8-2135-46E9-90CE-6E609558A382}.Debug|Any CPU.ActiveCfg = Debug|Any CPU
		{A0E114D8-2135-46E9-90CE-6E609558A382}.Debug|Any CPU.Build.0 = Debug|Any CPU
		{A0E114D8-2135-46E9-90CE-6E609558A382}.Debug|x64.ActiveCfg = Debug|Any CPU
		{A0E114D8-2135-46E9-90CE-6E609558A382}.Debug|x64.Build.0 = Debug|Any CPU
		{A0E114D8-2135-46E9-90CE-6E609558A382}.Debug|x86.ActiveCfg = Debug|Any CPU
		{A0E114D8-2135-46E9-90CE-6E609558A382}.Debug|x86.Build.0 = Debug|Any CPU
		{A0E114D8-2135-46E9-90CE-6E609558A382}.Release|Any CPU.ActiveCfg = Release|Any CPU
		{A0E114D8-2135-46E9-90CE-6E609558A382}.Release|Any CPU.Build.0 = Release|Any CPU
		{A0E114D8-2135-46E9-90CE-6E609558A382}.Release|x64.ActiveCfg = Release|Any CPU
		{A0E114D8-2135-46E9-90CE-6E609558A382}.Release|x64.Build.0 = Release|Any CPU
		{A0E114D8-2135-46E9-90CE-6E609558A382}.Release|x86.ActiveCfg = Release|Any CPU
		{A0E114D8-2135-46E9-90CE-6E609558A382}.Release|x86.Build.0 = Release|Any CPU
		{148E8949-D6D3-4C1A-A2F8-B8A798AB3EDB}.Debug|Any CPU.ActiveCfg = Debug|Any CPU
		{148E8949-D6D3-4C1A-A2F8-B8A798AB3EDB}.Debug|Any CPU.Build.0 = Debug|Any CPU
		{148E8949-D6D3-4C1A-A2F8-B8A798AB3EDB}.Debug|x64.ActiveCfg = Debug|Any CPU
		{148E8949-D6D3-4C1A-A2F8-B8A798AB3EDB}.Debug|x64.Build.0 = Debug|Any CPU
		{148E8949-D6D3-4C1A-A2F8-B8A798AB3EDB}.Debug|x86.ActiveCfg = Debug|Any CPU
		{148E8949-D6D3-4C1A-A2F8-B8A798AB3EDB}.Debug|x86.Build.0 = Debug|Any CPU
		{148E8949-D6D3-4C1A-A2F8-B8A798AB3EDB}.Release|Any CPU.ActiveCfg = Release|Any CPU
		{148E8949-D6D3-4C1A-A2F8-B8A798AB3EDB}.Release|Any CPU.Build.0 = Release|Any CPU
		{148E8949-D6D3-4C1A-A2F8-B8A798AB3EDB}.Release|x64.ActiveCfg = Release|Any CPU
		{148E8949-D6D3-4C1A-A2F8-B8A798AB3EDB}.Release|x64.Build.0 = Release|Any CPU
		{148E8949-D6D3-4C1A-A2F8-B8A798AB3EDB}.Release|x86.ActiveCfg = Release|Any CPU
		{148E8949-D6D3-4C1A-A2F8-B8A798AB3EDB}.Release|x86.Build.0 = Release|Any CPU
		{390BB762-9190-434E-B39C-4BCB5631E722}.Debug|Any CPU.ActiveCfg = Debug|Any CPU
		{390BB762-9190-434E-B39C-4BCB5631E722}.Debug|Any CPU.Build.0 = Debug|Any CPU
		{390BB762-9190-434E-B39C-4BCB5631E722}.Debug|x64.ActiveCfg = Debug|Any CPU
		{390BB762-9190-434E-B39C-4BCB5631E722}.Debug|x64.Build.0 = Debug|Any CPU
		{390BB762-9190-434E-B39C-4BCB5631E722}.Debug|x86.ActiveCfg = Debug|Any CPU
		{390BB762-9190-434E-B39C-4BCB5631E722}.Debug|x86.Build.0 = Debug|Any CPU
		{390BB762-9190-434E-B39C-4BCB5631E722}.Release|Any CPU.ActiveCfg = Release|Any CPU
		{390BB762-9190-434E-B39C-4BCB5631E722}.Release|Any CPU.Build.0 = Release|Any CPU
		{390BB762-9190-434E-B39C-4BCB5631E722}.Release|x64.ActiveCfg = Release|Any CPU
		{390BB762-9190-434E-B39C-4BCB5631E722}.Release|x64.Build.0 = Release|Any CPU
		{390BB762-9190-434E-B39C-4BCB5631E722}.Release|x86.ActiveCfg = Release|Any CPU
		{390BB762-9190-434E-B39C-4BCB5631E722}.Release|x86.Build.0 = Release|Any CPU
		{8389B279-4B07-4426-B345-7D3BC3D46745}.Debug|Any CPU.ActiveCfg = Debug|Any CPU
		{8389B279-4B07-4426-B345-7D3BC3D46745}.Debug|Any CPU.Build.0 = Debug|Any CPU
		{8389B279-4B07-4426-B345-7D3BC3D46745}.Debug|x64.ActiveCfg = Debug|Any CPU
		{8389B279-4B07-4426-B345-7D3BC3D46745}.Debug|x64.Build.0 = Debug|Any CPU
		{8389B279-4B07-4426-B345-7D3BC3D46745}.Debug|x86.ActiveCfg = Debug|Any CPU
		{8389B279-4B07-4426-B345-7D3BC3D46745}.Debug|x86.Build.0 = Debug|Any CPU
		{8389B279-4B07-4426-B345-7D3BC3D46745}.Release|Any CPU.ActiveCfg = Release|Any CPU
		{8389B279-4B07-4426-B345-7D3BC3D46745}.Release|Any CPU.Build.0 = Release|Any CPU
		{8389B279-4B07-4426-B345-7D3BC3D46745}.Release|x64.ActiveCfg = Release|Any CPU
		{8389B279-4B07-4426-B345-7D3BC3D46745}.Release|x64.Build.0 = Release|Any CPU
		{8389B279-4B07-4426-B345-7D3BC3D46745}.Release|x86.ActiveCfg = Release|Any CPU
		{8389B279-4B07-4426-B345-7D3BC3D46745}.Release|x86.Build.0 = Release|Any CPU
		{3FFEA607-C22A-4642-B471-536A62EE384C}.Debug|Any CPU.ActiveCfg = Debug|Any CPU
		{3FFEA607-C22A-4642-B471-536A62EE384C}.Debug|Any CPU.Build.0 = Debug|Any CPU
		{3FFEA607-C22A-4642-B471-536A62EE384C}.Debug|x64.ActiveCfg = Debug|Any CPU
		{3FFEA607-C22A-4642-B471-536A62EE384C}.Debug|x64.Build.0 = Debug|Any CPU
		{3FFEA607-C22A-4642-B471-536A62EE384C}.Debug|x86.ActiveCfg = Debug|Any CPU
		{3FFEA607-C22A-4642-B471-536A62EE384C}.Debug|x86.Build.0 = Debug|Any CPU
		{3FFEA607-C22A-4642-B471-536A62EE384C}.Release|Any CPU.ActiveCfg = Release|Any CPU
		{3FFEA607-C22A-4642-B471-536A62EE384C}.Release|Any CPU.Build.0 = Release|Any CPU
		{3FFEA607-C22A-4642-B471-536A62EE384C}.Release|x64.ActiveCfg = Release|Any CPU
		{3FFEA607-C22A-4642-B471-536A62EE384C}.Release|x64.Build.0 = Release|Any CPU
		{3FFEA607-C22A-4642-B471-536A62EE384C}.Release|x86.ActiveCfg = Release|Any CPU
		{3FFEA607-C22A-4642-B471-536A62EE384C}.Release|x86.Build.0 = Release|Any CPU
		{56B89AC9-8548-46CD-9E71-3C0BC34F01A5}.Debug|Any CPU.ActiveCfg = Debug|Any CPU
		{56B89AC9-8548-46CD-9E71-3C0BC34F01A5}.Debug|Any CPU.Build.0 = Debug|Any CPU
		{56B89AC9-8548-46CD-9E71-3C0BC34F01A5}.Debug|x64.ActiveCfg = Debug|Any CPU
		{56B89AC9-8548-46CD-9E71-3C0BC34F01A5}.Debug|x64.Build.0 = Debug|Any CPU
		{56B89AC9-8548-46CD-9E71-3C0BC34F01A5}.Debug|x86.ActiveCfg = Debug|Any CPU
		{56B89AC9-8548-46CD-9E71-3C0BC34F01A5}.Debug|x86.Build.0 = Debug|Any CPU
		{56B89AC9-8548-46CD-9E71-3C0BC34F01A5}.Release|Any CPU.ActiveCfg = Release|Any CPU
		{56B89AC9-8548-46CD-9E71-3C0BC34F01A5}.Release|Any CPU.Build.0 = Release|Any CPU
		{56B89AC9-8548-46CD-9E71-3C0BC34F01A5}.Release|x64.ActiveCfg = Release|Any CPU
		{56B89AC9-8548-46CD-9E71-3C0BC34F01A5}.Release|x64.Build.0 = Release|Any CPU
		{56B89AC9-8548-46CD-9E71-3C0BC34F01A5}.Release|x86.ActiveCfg = Release|Any CPU
		{56B89AC9-8548-46CD-9E71-3C0BC34F01A5}.Release|x86.Build.0 = Release|Any CPU
		{136BFF58-741B-4F37-9866-EC6C35A5A178}.Debug|Any CPU.ActiveCfg = Debug|Any CPU
		{136BFF58-741B-4F37-9866-EC6C35A5A178}.Debug|Any CPU.Build.0 = Debug|Any CPU
		{136BFF58-741B-4F37-9866-EC6C35A5A178}.Debug|x64.ActiveCfg = Debug|Any CPU
		{136BFF58-741B-4F37-9866-EC6C35A5A178}.Debug|x64.Build.0 = Debug|Any CPU
		{136BFF58-741B-4F37-9866-EC6C35A5A178}.Debug|x86.ActiveCfg = Debug|Any CPU
		{136BFF58-741B-4F37-9866-EC6C35A5A178}.Debug|x86.Build.0 = Debug|Any CPU
		{136BFF58-741B-4F37-9866-EC6C35A5A178}.Release|Any CPU.ActiveCfg = Release|Any CPU
		{136BFF58-741B-4F37-9866-EC6C35A5A178}.Release|Any CPU.Build.0 = Release|Any CPU
		{136BFF58-741B-4F37-9866-EC6C35A5A178}.Release|x64.ActiveCfg = Release|Any CPU
		{136BFF58-741B-4F37-9866-EC6C35A5A178}.Release|x64.Build.0 = Release|Any CPU
		{136BFF58-741B-4F37-9866-EC6C35A5A178}.Release|x86.ActiveCfg = Release|Any CPU
		{136BFF58-741B-4F37-9866-EC6C35A5A178}.Release|x86.Build.0 = Release|Any CPU
		{F21A3188-8E27-461B-8AC0-F3E05A93000C}.Debug|Any CPU.ActiveCfg = Debug|Any CPU
		{F21A3188-8E27-461B-8AC0-F3E05A93000C}.Debug|Any CPU.Build.0 = Debug|Any CPU
		{F21A3188-8E27-461B-8AC0-F3E05A93000C}.Debug|x64.ActiveCfg = Debug|Any CPU
		{F21A3188-8E27-461B-8AC0-F3E05A93000C}.Debug|x64.Build.0 = Debug|Any CPU
		{F21A3188-8E27-461B-8AC0-F3E05A93000C}.Debug|x86.ActiveCfg = Debug|Any CPU
		{F21A3188-8E27-461B-8AC0-F3E05A93000C}.Debug|x86.Build.0 = Debug|Any CPU
		{F21A3188-8E27-461B-8AC0-F3E05A93000C}.Release|Any CPU.ActiveCfg = Release|Any CPU
		{F21A3188-8E27-461B-8AC0-F3E05A93000C}.Release|Any CPU.Build.0 = Release|Any CPU
		{F21A3188-8E27-461B-8AC0-F3E05A93000C}.Release|x64.ActiveCfg = Release|Any CPU
		{F21A3188-8E27-461B-8AC0-F3E05A93000C}.Release|x64.Build.0 = Release|Any CPU
		{F21A3188-8E27-461B-8AC0-F3E05A93000C}.Release|x86.ActiveCfg = Release|Any CPU
		{F21A3188-8E27-461B-8AC0-F3E05A93000C}.Release|x86.Build.0 = Release|Any CPU
		{A3D59149-1DB8-4524-A03F-B4EE4D46D4DC}.Debug|Any CPU.ActiveCfg = Debug|Any CPU
		{A3D59149-1DB8-4524-A03F-B4EE4D46D4DC}.Debug|Any CPU.Build.0 = Debug|Any CPU
		{A3D59149-1DB8-4524-A03F-B4EE4D46D4DC}.Debug|x64.ActiveCfg = Debug|Any CPU
		{A3D59149-1DB8-4524-A03F-B4EE4D46D4DC}.Debug|x64.Build.0 = Debug|Any CPU
		{A3D59149-1DB8-4524-A03F-B4EE4D46D4DC}.Debug|x86.ActiveCfg = Debug|Any CPU
		{A3D59149-1DB8-4524-A03F-B4EE4D46D4DC}.Debug|x86.Build.0 = Debug|Any CPU
		{A3D59149-1DB8-4524-A03F-B4EE4D46D4DC}.Release|Any CPU.ActiveCfg = Release|Any CPU
		{A3D59149-1DB8-4524-A03F-B4EE4D46D4DC}.Release|Any CPU.Build.0 = Release|Any CPU
		{A3D59149-1DB8-4524-A03F-B4EE4D46D4DC}.Release|x64.ActiveCfg = Release|Any CPU
		{A3D59149-1DB8-4524-A03F-B4EE4D46D4DC}.Release|x64.Build.0 = Release|Any CPU
		{A3D59149-1DB8-4524-A03F-B4EE4D46D4DC}.Release|x86.ActiveCfg = Release|Any CPU
		{A3D59149-1DB8-4524-A03F-B4EE4D46D4DC}.Release|x86.Build.0 = Release|Any CPU
		{5D6F7604-2E1C-4C82-8F60-2E27734A5A32}.Debug|Any CPU.ActiveCfg = Debug|Any CPU
		{5D6F7604-2E1C-4C82-8F60-2E27734A5A32}.Debug|Any CPU.Build.0 = Debug|Any CPU
		{5D6F7604-2E1C-4C82-8F60-2E27734A5A32}.Debug|x64.ActiveCfg = Debug|Any CPU
		{5D6F7604-2E1C-4C82-8F60-2E27734A5A32}.Debug|x64.Build.0 = Debug|Any CPU
		{5D6F7604-2E1C-4C82-8F60-2E27734A5A32}.Debug|x86.ActiveCfg = Debug|Any CPU
		{5D6F7604-2E1C-4C82-8F60-2E27734A5A32}.Debug|x86.Build.0 = Debug|Any CPU
		{5D6F7604-2E1C-4C82-8F60-2E27734A5A32}.Release|Any CPU.ActiveCfg = Release|Any CPU
		{5D6F7604-2E1C-4C82-8F60-2E27734A5A32}.Release|Any CPU.Build.0 = Release|Any CPU
		{5D6F7604-2E1C-4C82-8F60-2E27734A5A32}.Release|x64.ActiveCfg = Release|Any CPU
		{5D6F7604-2E1C-4C82-8F60-2E27734A5A32}.Release|x64.Build.0 = Release|Any CPU
		{5D6F7604-2E1C-4C82-8F60-2E27734A5A32}.Release|x86.ActiveCfg = Release|Any CPU
		{5D6F7604-2E1C-4C82-8F60-2E27734A5A32}.Release|x86.Build.0 = Release|Any CPU
		{6E0866D2-B038-4AA3-9B94-04A31DFDB599}.Debug|Any CPU.ActiveCfg = Debug|Any CPU
		{6E0866D2-B038-4AA3-9B94-04A31DFDB599}.Debug|Any CPU.Build.0 = Debug|Any CPU
		{6E0866D2-B038-4AA3-9B94-04A31DFDB599}.Debug|x64.ActiveCfg = Debug|Any CPU
		{6E0866D2-B038-4AA3-9B94-04A31DFDB599}.Debug|x64.Build.0 = Debug|Any CPU
		{6E0866D2-B038-4AA3-9B94-04A31DFDB599}.Debug|x86.ActiveCfg = Debug|Any CPU
		{6E0866D2-B038-4AA3-9B94-04A31DFDB599}.Debug|x86.Build.0 = Debug|Any CPU
		{6E0866D2-B038-4AA3-9B94-04A31DFDB599}.Release|Any CPU.ActiveCfg = Release|Any CPU
		{6E0866D2-B038-4AA3-9B94-04A31DFDB599}.Release|Any CPU.Build.0 = Release|Any CPU
		{6E0866D2-B038-4AA3-9B94-04A31DFDB599}.Release|x64.ActiveCfg = Release|Any CPU
		{6E0866D2-B038-4AA3-9B94-04A31DFDB599}.Release|x64.Build.0 = Release|Any CPU
		{6E0866D2-B038-4AA3-9B94-04A31DFDB599}.Release|x86.ActiveCfg = Release|Any CPU
		{6E0866D2-B038-4AA3-9B94-04A31DFDB599}.Release|x86.Build.0 = Release|Any CPU
		{C869AD54-69E1-430A-9715-B45FA6B28E0B}.Debug|Any CPU.ActiveCfg = Debug|Any CPU
		{C869AD54-69E1-430A-9715-B45FA6B28E0B}.Debug|Any CPU.Build.0 = Debug|Any CPU
		{C869AD54-69E1-430A-9715-B45FA6B28E0B}.Debug|x64.ActiveCfg = Debug|Any CPU
		{C869AD54-69E1-430A-9715-B45FA6B28E0B}.Debug|x64.Build.0 = Debug|Any CPU
		{C869AD54-69E1-430A-9715-B45FA6B28E0B}.Debug|x86.ActiveCfg = Debug|Any CPU
		{C869AD54-69E1-430A-9715-B45FA6B28E0B}.Debug|x86.Build.0 = Debug|Any CPU
		{C869AD54-69E1-430A-9715-B45FA6B28E0B}.Release|Any CPU.ActiveCfg = Release|Any CPU
		{C869AD54-69E1-430A-9715-B45FA6B28E0B}.Release|Any CPU.Build.0 = Release|Any CPU
		{C869AD54-69E1-430A-9715-B45FA6B28E0B}.Release|x64.ActiveCfg = Release|Any CPU
		{C869AD54-69E1-430A-9715-B45FA6B28E0B}.Release|x64.Build.0 = Release|Any CPU
		{C869AD54-69E1-430A-9715-B45FA6B28E0B}.Release|x86.ActiveCfg = Release|Any CPU
		{C869AD54-69E1-430A-9715-B45FA6B28E0B}.Release|x86.Build.0 = Release|Any CPU
		{1E6E15EA-B45F-455E-91EC-8C5A0317ADB1}.Debug|Any CPU.ActiveCfg = Debug|Any CPU
		{1E6E15EA-B45F-455E-91EC-8C5A0317ADB1}.Debug|Any CPU.Build.0 = Debug|Any CPU
		{1E6E15EA-B45F-455E-91EC-8C5A0317ADB1}.Debug|x64.ActiveCfg = Debug|Any CPU
		{1E6E15EA-B45F-455E-91EC-8C5A0317ADB1}.Debug|x64.Build.0 = Debug|Any CPU
		{1E6E15EA-B45F-455E-91EC-8C5A0317ADB1}.Debug|x86.ActiveCfg = Debug|Any CPU
		{1E6E15EA-B45F-455E-91EC-8C5A0317ADB1}.Debug|x86.Build.0 = Debug|Any CPU
		{1E6E15EA-B45F-455E-91EC-8C5A0317ADB1}.Release|Any CPU.ActiveCfg = Release|Any CPU
		{1E6E15EA-B45F-455E-91EC-8C5A0317ADB1}.Release|Any CPU.Build.0 = Release|Any CPU
		{1E6E15EA-B45F-455E-91EC-8C5A0317ADB1}.Release|x64.ActiveCfg = Release|Any CPU
		{1E6E15EA-B45F-455E-91EC-8C5A0317ADB1}.Release|x64.Build.0 = Release|Any CPU
		{1E6E15EA-B45F-455E-91EC-8C5A0317ADB1}.Release|x86.ActiveCfg = Release|Any CPU
		{1E6E15EA-B45F-455E-91EC-8C5A0317ADB1}.Release|x86.Build.0 = Release|Any CPU
		{6A89EF07-1F04-429E-90AA-2C73A8A53C93}.Debug|Any CPU.ActiveCfg = Debug|Any CPU
		{6A89EF07-1F04-429E-90AA-2C73A8A53C93}.Debug|Any CPU.Build.0 = Debug|Any CPU
		{6A89EF07-1F04-429E-90AA-2C73A8A53C93}.Debug|x64.ActiveCfg = Debug|Any CPU
		{6A89EF07-1F04-429E-90AA-2C73A8A53C93}.Debug|x64.Build.0 = Debug|Any CPU
		{6A89EF07-1F04-429E-90AA-2C73A8A53C93}.Debug|x86.ActiveCfg = Debug|Any CPU
		{6A89EF07-1F04-429E-90AA-2C73A8A53C93}.Debug|x86.Build.0 = Debug|Any CPU
		{6A89EF07-1F04-429E-90AA-2C73A8A53C93}.Release|Any CPU.ActiveCfg = Release|Any CPU
		{6A89EF07-1F04-429E-90AA-2C73A8A53C93}.Release|Any CPU.Build.0 = Release|Any CPU
		{6A89EF07-1F04-429E-90AA-2C73A8A53C93}.Release|x64.ActiveCfg = Release|Any CPU
		{6A89EF07-1F04-429E-90AA-2C73A8A53C93}.Release|x64.Build.0 = Release|Any CPU
		{6A89EF07-1F04-429E-90AA-2C73A8A53C93}.Release|x86.ActiveCfg = Release|Any CPU
		{6A89EF07-1F04-429E-90AA-2C73A8A53C93}.Release|x86.Build.0 = Release|Any CPU
		{4B349D91-F118-4981-9D00-F90DF30BB8F1}.Debug|Any CPU.ActiveCfg = Debug|Any CPU
		{4B349D91-F118-4981-9D00-F90DF30BB8F1}.Debug|Any CPU.Build.0 = Debug|Any CPU
		{4B349D91-F118-4981-9D00-F90DF30BB8F1}.Debug|x64.ActiveCfg = Debug|Any CPU
		{4B349D91-F118-4981-9D00-F90DF30BB8F1}.Debug|x64.Build.0 = Debug|Any CPU
		{4B349D91-F118-4981-9D00-F90DF30BB8F1}.Debug|x86.ActiveCfg = Debug|Any CPU
		{4B349D91-F118-4981-9D00-F90DF30BB8F1}.Debug|x86.Build.0 = Debug|Any CPU
		{4B349D91-F118-4981-9D00-F90DF30BB8F1}.Release|Any CPU.ActiveCfg = Release|Any CPU
		{4B349D91-F118-4981-9D00-F90DF30BB8F1}.Release|Any CPU.Build.0 = Release|Any CPU
		{4B349D91-F118-4981-9D00-F90DF30BB8F1}.Release|x64.ActiveCfg = Release|Any CPU
		{4B349D91-F118-4981-9D00-F90DF30BB8F1}.Release|x64.Build.0 = Release|Any CPU
		{4B349D91-F118-4981-9D00-F90DF30BB8F1}.Release|x86.ActiveCfg = Release|Any CPU
		{4B349D91-F118-4981-9D00-F90DF30BB8F1}.Release|x86.Build.0 = Release|Any CPU
		{59872175-2DBD-49E2-B296-0B7EEB61FBA4}.Debug|Any CPU.ActiveCfg = Debug|Any CPU
		{59872175-2DBD-49E2-B296-0B7EEB61FBA4}.Debug|Any CPU.Build.0 = Debug|Any CPU
		{59872175-2DBD-49E2-B296-0B7EEB61FBA4}.Debug|x64.ActiveCfg = Debug|Any CPU
		{59872175-2DBD-49E2-B296-0B7EEB61FBA4}.Debug|x64.Build.0 = Debug|Any CPU
		{59872175-2DBD-49E2-B296-0B7EEB61FBA4}.Debug|x86.ActiveCfg = Debug|Any CPU
		{59872175-2DBD-49E2-B296-0B7EEB61FBA4}.Debug|x86.Build.0 = Debug|Any CPU
		{59872175-2DBD-49E2-B296-0B7EEB61FBA4}.Release|Any CPU.ActiveCfg = Release|Any CPU
		{59872175-2DBD-49E2-B296-0B7EEB61FBA4}.Release|Any CPU.Build.0 = Release|Any CPU
		{59872175-2DBD-49E2-B296-0B7EEB61FBA4}.Release|x64.ActiveCfg = Release|Any CPU
		{59872175-2DBD-49E2-B296-0B7EEB61FBA4}.Release|x64.Build.0 = Release|Any CPU
		{59872175-2DBD-49E2-B296-0B7EEB61FBA4}.Release|x86.ActiveCfg = Release|Any CPU
		{59872175-2DBD-49E2-B296-0B7EEB61FBA4}.Release|x86.Build.0 = Release|Any CPU
		{73E018A7-AF95-42C5-98EB-D4574DD769C2}.Debug|Any CPU.ActiveCfg = Debug|Any CPU
		{73E018A7-AF95-42C5-98EB-D4574DD769C2}.Debug|Any CPU.Build.0 = Debug|Any CPU
		{73E018A7-AF95-42C5-98EB-D4574DD769C2}.Debug|x64.ActiveCfg = Debug|Any CPU
		{73E018A7-AF95-42C5-98EB-D4574DD769C2}.Debug|x64.Build.0 = Debug|Any CPU
		{73E018A7-AF95-42C5-98EB-D4574DD769C2}.Debug|x86.ActiveCfg = Debug|Any CPU
		{73E018A7-AF95-42C5-98EB-D4574DD769C2}.Debug|x86.Build.0 = Debug|Any CPU
		{73E018A7-AF95-42C5-98EB-D4574DD769C2}.Release|Any CPU.ActiveCfg = Release|Any CPU
		{73E018A7-AF95-42C5-98EB-D4574DD769C2}.Release|Any CPU.Build.0 = Release|Any CPU
		{73E018A7-AF95-42C5-98EB-D4574DD769C2}.Release|x64.ActiveCfg = Release|Any CPU
		{73E018A7-AF95-42C5-98EB-D4574DD769C2}.Release|x64.Build.0 = Release|Any CPU
		{73E018A7-AF95-42C5-98EB-D4574DD769C2}.Release|x86.ActiveCfg = Release|Any CPU
		{73E018A7-AF95-42C5-98EB-D4574DD769C2}.Release|x86.Build.0 = Release|Any CPU
		{22ED2B62-52B1-499D-B535-942C47339A93}.Debug|Any CPU.ActiveCfg = Debug|Any CPU
		{22ED2B62-52B1-499D-B535-942C47339A93}.Debug|Any CPU.Build.0 = Debug|Any CPU
		{22ED2B62-52B1-499D-B535-942C47339A93}.Debug|x64.ActiveCfg = Debug|Any CPU
		{22ED2B62-52B1-499D-B535-942C47339A93}.Debug|x64.Build.0 = Debug|Any CPU
		{22ED2B62-52B1-499D-B535-942C47339A93}.Debug|x86.ActiveCfg = Debug|Any CPU
		{22ED2B62-52B1-499D-B535-942C47339A93}.Debug|x86.Build.0 = Debug|Any CPU
		{22ED2B62-52B1-499D-B535-942C47339A93}.Release|Any CPU.ActiveCfg = Release|Any CPU
		{22ED2B62-52B1-499D-B535-942C47339A93}.Release|Any CPU.Build.0 = Release|Any CPU
		{22ED2B62-52B1-499D-B535-942C47339A93}.Release|x64.ActiveCfg = Release|Any CPU
		{22ED2B62-52B1-499D-B535-942C47339A93}.Release|x64.Build.0 = Release|Any CPU
		{22ED2B62-52B1-499D-B535-942C47339A93}.Release|x86.ActiveCfg = Release|Any CPU
		{22ED2B62-52B1-499D-B535-942C47339A93}.Release|x86.Build.0 = Release|Any CPU
		{0D3CE572-BEBF-4058-9B81-FA8ACD1734DF}.Debug|Any CPU.ActiveCfg = Debug|Any CPU
		{0D3CE572-BEBF-4058-9B81-FA8ACD1734DF}.Debug|Any CPU.Build.0 = Debug|Any CPU
		{0D3CE572-BEBF-4058-9B81-FA8ACD1734DF}.Debug|x64.ActiveCfg = Debug|Any CPU
		{0D3CE572-BEBF-4058-9B81-FA8ACD1734DF}.Debug|x64.Build.0 = Debug|Any CPU
		{0D3CE572-BEBF-4058-9B81-FA8ACD1734DF}.Debug|x86.ActiveCfg = Debug|Any CPU
		{0D3CE572-BEBF-4058-9B81-FA8ACD1734DF}.Debug|x86.Build.0 = Debug|Any CPU
		{0D3CE572-BEBF-4058-9B81-FA8ACD1734DF}.Release|Any CPU.ActiveCfg = Release|Any CPU
		{0D3CE572-BEBF-4058-9B81-FA8ACD1734DF}.Release|Any CPU.Build.0 = Release|Any CPU
		{0D3CE572-BEBF-4058-9B81-FA8ACD1734DF}.Release|x64.ActiveCfg = Release|Any CPU
		{0D3CE572-BEBF-4058-9B81-FA8ACD1734DF}.Release|x64.Build.0 = Release|Any CPU
		{0D3CE572-BEBF-4058-9B81-FA8ACD1734DF}.Release|x86.ActiveCfg = Release|Any CPU
		{0D3CE572-BEBF-4058-9B81-FA8ACD1734DF}.Release|x86.Build.0 = Release|Any CPU
		{12E6EF93-2A70-4475-B79F-203E06377E3A}.Debug|Any CPU.ActiveCfg = Debug|Any CPU
		{12E6EF93-2A70-4475-B79F-203E06377E3A}.Debug|Any CPU.Build.0 = Debug|Any CPU
		{12E6EF93-2A70-4475-B79F-203E06377E3A}.Debug|x64.ActiveCfg = Debug|Any CPU
		{12E6EF93-2A70-4475-B79F-203E06377E3A}.Debug|x64.Build.0 = Debug|Any CPU
		{12E6EF93-2A70-4475-B79F-203E06377E3A}.Debug|x86.ActiveCfg = Debug|Any CPU
		{12E6EF93-2A70-4475-B79F-203E06377E3A}.Debug|x86.Build.0 = Debug|Any CPU
		{12E6EF93-2A70-4475-B79F-203E06377E3A}.Release|Any CPU.ActiveCfg = Release|Any CPU
		{12E6EF93-2A70-4475-B79F-203E06377E3A}.Release|Any CPU.Build.0 = Release|Any CPU
		{12E6EF93-2A70-4475-B79F-203E06377E3A}.Release|x64.ActiveCfg = Release|Any CPU
		{12E6EF93-2A70-4475-B79F-203E06377E3A}.Release|x64.Build.0 = Release|Any CPU
		{12E6EF93-2A70-4475-B79F-203E06377E3A}.Release|x86.ActiveCfg = Release|Any CPU
		{12E6EF93-2A70-4475-B79F-203E06377E3A}.Release|x86.Build.0 = Release|Any CPU
		{F9A9523C-C502-4692-94A1-35934F5FCF03}.Debug|Any CPU.ActiveCfg = Debug|Any CPU
		{F9A9523C-C502-4692-94A1-35934F5FCF03}.Debug|Any CPU.Build.0 = Debug|Any CPU
		{F9A9523C-C502-4692-94A1-35934F5FCF03}.Debug|x64.ActiveCfg = Debug|Any CPU
		{F9A9523C-C502-4692-94A1-35934F5FCF03}.Debug|x64.Build.0 = Debug|Any CPU
		{F9A9523C-C502-4692-94A1-35934F5FCF03}.Debug|x86.ActiveCfg = Debug|Any CPU
		{F9A9523C-C502-4692-94A1-35934F5FCF03}.Debug|x86.Build.0 = Debug|Any CPU
		{F9A9523C-C502-4692-94A1-35934F5FCF03}.Release|Any CPU.ActiveCfg = Release|Any CPU
		{F9A9523C-C502-4692-94A1-35934F5FCF03}.Release|Any CPU.Build.0 = Release|Any CPU
		{F9A9523C-C502-4692-94A1-35934F5FCF03}.Release|x64.ActiveCfg = Release|Any CPU
		{F9A9523C-C502-4692-94A1-35934F5FCF03}.Release|x64.Build.0 = Release|Any CPU
		{F9A9523C-C502-4692-94A1-35934F5FCF03}.Release|x86.ActiveCfg = Release|Any CPU
		{F9A9523C-C502-4692-94A1-35934F5FCF03}.Release|x86.Build.0 = Release|Any CPU
		{073411A3-E575-4B08-9CC5-533558222FCC}.Debug|Any CPU.ActiveCfg = Debug|Any CPU
		{073411A3-E575-4B08-9CC5-533558222FCC}.Debug|Any CPU.Build.0 = Debug|Any CPU
		{073411A3-E575-4B08-9CC5-533558222FCC}.Debug|x64.ActiveCfg = Debug|Any CPU
		{073411A3-E575-4B08-9CC5-533558222FCC}.Debug|x64.Build.0 = Debug|Any CPU
		{073411A3-E575-4B08-9CC5-533558222FCC}.Debug|x86.ActiveCfg = Debug|Any CPU
		{073411A3-E575-4B08-9CC5-533558222FCC}.Debug|x86.Build.0 = Debug|Any CPU
		{073411A3-E575-4B08-9CC5-533558222FCC}.Release|Any CPU.ActiveCfg = Release|Any CPU
		{073411A3-E575-4B08-9CC5-533558222FCC}.Release|Any CPU.Build.0 = Release|Any CPU
		{073411A3-E575-4B08-9CC5-533558222FCC}.Release|x64.ActiveCfg = Release|Any CPU
		{073411A3-E575-4B08-9CC5-533558222FCC}.Release|x64.Build.0 = Release|Any CPU
		{073411A3-E575-4B08-9CC5-533558222FCC}.Release|x86.ActiveCfg = Release|Any CPU
		{073411A3-E575-4B08-9CC5-533558222FCC}.Release|x86.Build.0 = Release|Any CPU
		{272096CC-F79A-4755-BF0B-3B6A92389C24}.Debug|Any CPU.ActiveCfg = Debug|Any CPU
		{272096CC-F79A-4755-BF0B-3B6A92389C24}.Debug|Any CPU.Build.0 = Debug|Any CPU
		{272096CC-F79A-4755-BF0B-3B6A92389C24}.Debug|x64.ActiveCfg = Debug|Any CPU
		{272096CC-F79A-4755-BF0B-3B6A92389C24}.Debug|x64.Build.0 = Debug|Any CPU
		{272096CC-F79A-4755-BF0B-3B6A92389C24}.Debug|x86.ActiveCfg = Debug|Any CPU
		{272096CC-F79A-4755-BF0B-3B6A92389C24}.Debug|x86.Build.0 = Debug|Any CPU
		{272096CC-F79A-4755-BF0B-3B6A92389C24}.Release|Any CPU.ActiveCfg = Release|Any CPU
		{272096CC-F79A-4755-BF0B-3B6A92389C24}.Release|Any CPU.Build.0 = Release|Any CPU
		{272096CC-F79A-4755-BF0B-3B6A92389C24}.Release|x64.ActiveCfg = Release|Any CPU
		{272096CC-F79A-4755-BF0B-3B6A92389C24}.Release|x64.Build.0 = Release|Any CPU
		{272096CC-F79A-4755-BF0B-3B6A92389C24}.Release|x86.ActiveCfg = Release|Any CPU
		{272096CC-F79A-4755-BF0B-3B6A92389C24}.Release|x86.Build.0 = Release|Any CPU
		{28DD0645-33BC-40C1-B947-ED8838FAB295}.Debug|Any CPU.ActiveCfg = Debug|Any CPU
		{28DD0645-33BC-40C1-B947-ED8838FAB295}.Debug|Any CPU.Build.0 = Debug|Any CPU
		{28DD0645-33BC-40C1-B947-ED8838FAB295}.Debug|x64.ActiveCfg = Debug|Any CPU
		{28DD0645-33BC-40C1-B947-ED8838FAB295}.Debug|x64.Build.0 = Debug|Any CPU
		{28DD0645-33BC-40C1-B947-ED8838FAB295}.Debug|x86.ActiveCfg = Debug|Any CPU
		{28DD0645-33BC-40C1-B947-ED8838FAB295}.Debug|x86.Build.0 = Debug|Any CPU
		{28DD0645-33BC-40C1-B947-ED8838FAB295}.Release|Any CPU.ActiveCfg = Release|Any CPU
		{28DD0645-33BC-40C1-B947-ED8838FAB295}.Release|Any CPU.Build.0 = Release|Any CPU
		{28DD0645-33BC-40C1-B947-ED8838FAB295}.Release|x64.ActiveCfg = Release|Any CPU
		{28DD0645-33BC-40C1-B947-ED8838FAB295}.Release|x64.Build.0 = Release|Any CPU
		{28DD0645-33BC-40C1-B947-ED8838FAB295}.Release|x86.ActiveCfg = Release|Any CPU
		{28DD0645-33BC-40C1-B947-ED8838FAB295}.Release|x86.Build.0 = Release|Any CPU
	EndGlobalSection
	GlobalSection(SolutionProperties) = preSolution
		HideSolutionNode = FALSE
	EndGlobalSection
	GlobalSection(NestedProjects) = preSolution
		{7BE2C591-9C43-40CF-ACE2-5AE1C48DC46C} = {E105BB56-BDA4-41B3-94F9-7C6C86760B23}
		{C9521F02-D265-4CAB-BC06-6C6E7E50D88F} = {E105BB56-BDA4-41B3-94F9-7C6C86760B23}
		{CCEEE0BE-9747-4C58-AA73-98C072617815} = {E105BB56-BDA4-41B3-94F9-7C6C86760B23}
		{8047B374-F157-4306-A16A-8A953D5A510B} = {E105BB56-BDA4-41B3-94F9-7C6C86760B23}
		{3032ECCC-0E60-44E4-8E32-F86302C9D09A} = {E105BB56-BDA4-41B3-94F9-7C6C86760B23}
		{9EF7E567-2FDC-4C85-8546-3FDA5DB1FBBD} = {E105BB56-BDA4-41B3-94F9-7C6C86760B23}
		{1C8EB698-B03D-476D-A9C0-CCBFDC3C1978} = {E105BB56-BDA4-41B3-94F9-7C6C86760B23}
		{660EF622-4ED4-4FF5-86FE-D03757FA75E9} = {E105BB56-BDA4-41B3-94F9-7C6C86760B23}
		{057FA8B8-EA69-4C70-8F17-41D1673E54A9} = {E105BB56-BDA4-41B3-94F9-7C6C86760B23}
		{B5E18C27-4CAD-4CA8-92E2-01DEE0EB45A7} = {E105BB56-BDA4-41B3-94F9-7C6C86760B23}
		{0D6F47D7-FB10-4B43-9294-DE707CA63810} = {E105BB56-BDA4-41B3-94F9-7C6C86760B23}
		{8341DEAC-DEB6-4038-8DFB-43B882F96BCF} = {E105BB56-BDA4-41B3-94F9-7C6C86760B23}
		{2F6F4687-BABF-4B22-B04A-403780A6CCD5} = {E105BB56-BDA4-41B3-94F9-7C6C86760B23}
		{F86D2982-6987-41D6-840C-8BDA3F2A98DE} = {E105BB56-BDA4-41B3-94F9-7C6C86760B23}
		{E5DAFC41-F69A-462D-9187-518A91CF779C} = {E105BB56-BDA4-41B3-94F9-7C6C86760B23}
		{A145E646-7B47-4323-B229-C2F0C9BCB012} = {E105BB56-BDA4-41B3-94F9-7C6C86760B23}
		{E3987EA3-A86A-4961-A921-D59D9F8842D8} = {E105BB56-BDA4-41B3-94F9-7C6C86760B23}
		{9C26937A-8561-4C46-9C50-F23F1C5E9D14} = {E105BB56-BDA4-41B3-94F9-7C6C86760B23}
		{01C4715B-8782-4D6D-9C8F-7F14251226CC} = {E105BB56-BDA4-41B3-94F9-7C6C86760B23}
		{823BE541-78E9-42EF-8F31-AC101529280D} = {E105BB56-BDA4-41B3-94F9-7C6C86760B23}
		{8EE25697-D2DB-4A0B-8F49-7DC34445F12A} = {E105BB56-BDA4-41B3-94F9-7C6C86760B23}
		{8D7A81AD-126E-46A9-B353-F14C0B6E91D8} = {E105BB56-BDA4-41B3-94F9-7C6C86760B23}
		{A093E0C5-5806-45BD-9994-11B97F6D3F21} = {E105BB56-BDA4-41B3-94F9-7C6C86760B23}
		{C60E1165-DBA7-4D1D-87A4-639C441162D2} = {E105BB56-BDA4-41B3-94F9-7C6C86760B23}
		{58E035A7-5C3A-4400-AFCD-68F0C292E5E9} = {E105BB56-BDA4-41B3-94F9-7C6C86760B23}
		{93C88E45-CA82-4279-9851-3B9461D738E8} = {E105BB56-BDA4-41B3-94F9-7C6C86760B23}
		{B779140D-06A4-4004-BA5E-594350D5CED0} = {E105BB56-BDA4-41B3-94F9-7C6C86760B23}
		{3DB9CF95-0838-4B21-A42F-8DDB6C109DC4} = {E105BB56-BDA4-41B3-94F9-7C6C86760B23}
		{5EFABDE6-72F8-41A9-9969-1610F6B285D3} = {E105BB56-BDA4-41B3-94F9-7C6C86760B23}
		{F28E4E43-AA6A-4C07-8F1A-E9B3DC01D410} = {E105BB56-BDA4-41B3-94F9-7C6C86760B23}
		{DE69BD33-B267-446B-8B72-45B6C0C8E8B1} = {E105BB56-BDA4-41B3-94F9-7C6C86760B23}
		{16C1EE00-7498-4D16-BB3A-45468F4054C1} = {E105BB56-BDA4-41B3-94F9-7C6C86760B23}
		{A0E114D8-2135-46E9-90CE-6E609558A382} = {E105BB56-BDA4-41B3-94F9-7C6C86760B23}
		{148E8949-D6D3-4C1A-A2F8-B8A798AB3EDB} = {E105BB56-BDA4-41B3-94F9-7C6C86760B23}
		{390BB762-9190-434E-B39C-4BCB5631E722} = {E105BB56-BDA4-41B3-94F9-7C6C86760B23}
		{8389B279-4B07-4426-B345-7D3BC3D46745} = {E105BB56-BDA4-41B3-94F9-7C6C86760B23}
		{3FFEA607-C22A-4642-B471-536A62EE384C} = {E105BB56-BDA4-41B3-94F9-7C6C86760B23}
		{56B89AC9-8548-46CD-9E71-3C0BC34F01A5} = {E105BB56-BDA4-41B3-94F9-7C6C86760B23}
		{136BFF58-741B-4F37-9866-EC6C35A5A178} = {E105BB56-BDA4-41B3-94F9-7C6C86760B23}
		{F21A3188-8E27-461B-8AC0-F3E05A93000C} = {E105BB56-BDA4-41B3-94F9-7C6C86760B23}
		{A3D59149-1DB8-4524-A03F-B4EE4D46D4DC} = {E105BB56-BDA4-41B3-94F9-7C6C86760B23}
		{5D6F7604-2E1C-4C82-8F60-2E27734A5A32} = {E105BB56-BDA4-41B3-94F9-7C6C86760B23}
		{6E0866D2-B038-4AA3-9B94-04A31DFDB599} = {E105BB56-BDA4-41B3-94F9-7C6C86760B23}
		{C869AD54-69E1-430A-9715-B45FA6B28E0B} = {E105BB56-BDA4-41B3-94F9-7C6C86760B23}
		{1E6E15EA-B45F-455E-91EC-8C5A0317ADB1} = {E105BB56-BDA4-41B3-94F9-7C6C86760B23}
		{6A89EF07-1F04-429E-90AA-2C73A8A53C93} = {E105BB56-BDA4-41B3-94F9-7C6C86760B23}
		{4B349D91-F118-4981-9D00-F90DF30BB8F1} = {E105BB56-BDA4-41B3-94F9-7C6C86760B23}
		{59872175-2DBD-49E2-B296-0B7EEB61FBA4} = {E105BB56-BDA4-41B3-94F9-7C6C86760B23}
		{73E018A7-AF95-42C5-98EB-D4574DD769C2} = {E105BB56-BDA4-41B3-94F9-7C6C86760B23}
		{22ED2B62-52B1-499D-B535-942C47339A93} = {E105BB56-BDA4-41B3-94F9-7C6C86760B23}
		{0D3CE572-BEBF-4058-9B81-FA8ACD1734DF} = {E105BB56-BDA4-41B3-94F9-7C6C86760B23}
		{12E6EF93-2A70-4475-B79F-203E06377E3A} = {E105BB56-BDA4-41B3-94F9-7C6C86760B23}
		{F9A9523C-C502-4692-94A1-35934F5FCF03} = {E105BB56-BDA4-41B3-94F9-7C6C86760B23}
		{073411A3-E575-4B08-9CC5-533558222FCC} = {E105BB56-BDA4-41B3-94F9-7C6C86760B23}
		{272096CC-F79A-4755-BF0B-3B6A92389C24} = {E105BB56-BDA4-41B3-94F9-7C6C86760B23}
		{28DD0645-33BC-40C1-B947-ED8838FAB295} = {E105BB56-BDA4-41B3-94F9-7C6C86760B23}
	EndGlobalSection
	GlobalSection(ExtensibilityGlobals) = postSolution
		SolutionGuid = {70C521A7-D8EA-48FE-9F10-74A5DA0155FC}
	EndGlobalSection
EndGlobal
